
Microsoft Visual Studio Solution File, Format Version 12.00
# Visual Studio Version 17
VisualStudioVersion = 17.5.33530.505
MinimumVisualStudioVersion = 10.0.40219.1
Project("{8BC9CEB8-8B4A-11D0-8D11-00A0C91BC942}") = "Daggerfall Unity", "Daggerfall Unity\Daggerfall Unity.vcxproj", "{2FABDF39-A3A3-4497-95BA-5AEE089EBF0F}"
	ProjectSection(ProjectDependencies) = postProject
		{EA17D85E-DA6F-49EA-A879-8F48265B121D} = {EA17D85E-DA6F-49EA-A879-8F48265B121D}
	EndProjectSection
EndProject
Project("{8BC9CEB8-8B4A-11D0-8D11-00A0C91BC942}") = "Unity Data", "Daggerfall Unity\Unity Data.vcxitems", "{C102B663-472B-4E4D-B82E-F8B2FAD767AA}"
EndProject
Project("{8BC9CEB8-8B4A-11D0-8D11-00A0C91BC942}") = "Il2CppOutputProject", "Il2CppOutputProject\Il2CppOutputProject.vcxproj", "{EA17D85E-DA6F-49EA-A879-8F48265B121D}"
EndProject
Global
	GlobalSection(SolutionConfigurationPlatforms) = preSolution
		Debug|x64 = Debug|x64
		Master|x64 = Master|x64
		MasterWithLTCG|x64 = MasterWithLTCG|x64
		Release|x64 = Release|x64
	EndGlobalSection
	GlobalSection(ProjectConfigurationPlatforms) = postSolution
		{2FABDF39-A3A3-4497-95BA-5AEE089EBF0F}.Debug|x64.ActiveCfg = Debug|x64
		{2FABDF39-A3A3-4497-95BA-5AEE089EBF0F}.Debug|x64.Build.0 = Debug|x64
		{2FABDF39-A3A3-4497-95BA-5AEE089EBF0F}.Debug|x64.Deploy.0 = Debug|x64
		{2FABDF39-A3A3-4497-95BA-5AEE089EBF0F}.Master|x64.ActiveCfg = Master|x64
		{2FABDF39-A3A3-4497-95BA-5AEE089EBF0F}.Master|x64.Build.0 = Master|x64
		{2FABDF39-A3A3-4497-95BA-5AEE089EBF0F}.Master|x64.Deploy.0 = Master|x64
		{2FABDF39-A3A3-4497-95BA-5AEE089EBF0F}.MasterWithLTCG|x64.ActiveCfg = MasterWithLTCG|x64
		{2FABDF39-A3A3-4497-95BA-5AEE089EBF0F}.MasterWithLTCG|x64.Build.0 = MasterWithLTCG|x64
		{2FABDF39-A3A3-4497-95BA-5AEE089EBF0F}.MasterWithLTCG|x64.Deploy.0 = MasterWithLTCG|x64
		{2FABDF39-A3A3-4497-95BA-5AEE089EBF0F}.Release|x64.ActiveCfg = Release|x64
		{2FABDF39-A3A3-4497-95BA-5AEE089EBF0F}.Release|x64.Build.0 = Release|x64
		{2FABDF39-A3A3-4497-95BA-5AEE089EBF0F}.Release|x64.Deploy.0 = Release|x64
		{EA17D85E-DA6F-49EA-A879-8F48265B121D}.Debug|x64.ActiveCfg = Debug|x64
		{EA17D85E-DA6F-49EA-A879-8F48265B121D}.Debug|x64.Build.0 = Debug|x64
		{EA17D85E-DA6F-49EA-A879-8F48265B121D}.Master|x64.ActiveCfg = Master|x64
		{EA17D85E-DA6F-49EA-A879-8F48265B121D}.Master|x64.Build.0 = Master|x64
		{EA17D85E-DA6F-49EA-A879-8F48265B121D}.MasterWithLTCG|x64.ActiveCfg = MasterWithLTCG|x64
		{EA17D85E-DA6F-49EA-A879-8F48265B121D}.MasterWithLTCG|x64.Build.0 = MasterWithLTCG|x64
		{EA17D85E-DA6F-49EA-A879-8F48265B121D}.Release|x64.ActiveCfg = Release|x64
		{EA17D85E-DA6F-49EA-A879-8F48265B121D}.Release|x64.Build.0 = Release|x64
	EndGlobalSection
	GlobalSection(SolutionProperties) = preSolution
		HideSolutionNode = FALSE
	EndGlobalSection
EndGlobal
