<?xml version="1.0" encoding="utf-8"?>
<Project ToolsVersion="14.0" xmlns="http://schemas.microsoft.com/developer/msbuild/2003">
  <ItemGroup>
    <Filter Include="Data">
      <UniqueIdentifier>{ab1f17d5-ee45-42a8-bdf6-035c48570e4c}</UniqueIdentifier>
    </Filter>
    <Filter Include="Data\il2cpp_data\etc\mono">
      <UniqueIdentifier>{c31e9677-26e5-4381-a1ee-4bde3e11e821}</UniqueIdentifier>
    </Filter>
    <Filter Include="Data\il2cpp_data\etc\mono\2.0">
      <UniqueIdentifier>{e2f13ea2-301b-4562-9d0c-a90eec6c390c}</UniqueIdentifier>
    </Filter>
    <Filter Include="Data\il2cpp_data\etc\mono\2.0\Browsers">
      <UniqueIdentifier>{fb916b40-818f-4fc8-977f-09d082cd8120}</UniqueIdentifier>
    </Filter>
    <Filter Include="Data\il2cpp_data\etc\mono\4.0">
      <UniqueIdentifier>{f3570e29-0d36-49cb-b0c0-ffc9f13b28ab}</UniqueIdentifier>
    </Filter>
    <Filter Include="Data\il2cpp_data\etc\mono\4.0\Browsers">
      <UniqueIdentifier>{c74b0d4b-ff66-426b-ae43-dab3268e820c}</UniqueIdentifier>
    </Filter>
    <Filter Include="Data\il2cpp_data\etc\mono\4.5">
      <UniqueIdentifier>{9ea85009-37a9-4dfc-9008-568d26dd9264}</UniqueIdentifier>
    </Filter>
    <Filter Include="Data\il2cpp_data\etc\mono\4.5\Browsers">
      <UniqueIdentifier>{0492cf53-d659-481d-bafa-6ea8713400b5}</UniqueIdentifier>
    </Filter>
    <Filter Include="Data\il2cpp_data\etc\mono\mconfig">
      <UniqueIdentifier>{a656c261-7022-4cfc-8d6e-da0d3c31f43d}</UniqueIdentifier>
    </Filter>
    <Filter Include="Data\il2cpp_data\Metadata">
      <UniqueIdentifier>{ded16d4f-920d-42fc-8e86-6c2ce460dab8}</UniqueIdentifier>
    </Filter>
    <Filter Include="Data\il2cpp_data\Resources">
      <UniqueIdentifier>{45f76042-a87e-4ab5-bb35-f5ddc82cf081}</UniqueIdentifier>
    </Filter>
    <Filter Include="Data\Resources">
      <UniqueIdentifier>{6fcb234e-061a-4129-9780-e5998f84973c}</UniqueIdentifier>
    </Filter>
    <Filter Include="Data\StreamingAssets\BIOGs">
      <UniqueIdentifier>{522df55c-1ef6-45fa-ba0c-74bfe1d18caa}</UniqueIdentifier>
    </Filter>
    <Filter Include="Data\StreamingAssets\BIOGs\Deutsch">
      <UniqueIdentifier>{d0e72f55-3fe9-4acf-b4ef-aaf0f2b752f7}</UniqueIdentifier>
    </Filter>
    <Filter Include="Data\StreamingAssets\BIOGs\Francais">
      <UniqueIdentifier>{6af96117-b36e-419c-a61b-e21d246d55d9}</UniqueIdentifier>
    </Filter>
    <Filter Include="Data\StreamingAssets\Books">
      <UniqueIdentifier>{4158e82c-912e-4055-ba3d-4198ee58f751}</UniqueIdentifier>
    </Filter>
    <Filter Include="Data\StreamingAssets\Docs">
      <UniqueIdentifier>{728bb722-595d-4934-8381-a43728d38406}</UniqueIdentifier>
    </Filter>
    <Filter Include="Data\StreamingAssets\Factions">
      <UniqueIdentifier>{956ff6ce-5d06-4fae-8e98-5bd19223bfbb}</UniqueIdentifier>
    </Filter>
    <Filter Include="Data\StreamingAssets\Fonts">
      <UniqueIdentifier>{4658fe0a-e329-4ec6-a96f-f57afbf444d8}</UniqueIdentifier>
    </Filter>
    <Filter Include="Data\StreamingAssets\GameFiles">
      <UniqueIdentifier>{15cac359-aa47-48d3-876b-2a94bf1576dd}</UniqueIdentifier>
    </Filter>
    <Filter Include="Data\StreamingAssets\Mods">
      <UniqueIdentifier>{4fbeed12-9bc6-4150-a74e-0098e7cbb181}</UniqueIdentifier>
    </Filter>
    <Filter Include="Data\StreamingAssets\Movies">
      <UniqueIdentifier>{0619f94d-ab08-427f-ba6c-3baace3a12ef}</UniqueIdentifier>
    </Filter>
    <Filter Include="Data\StreamingAssets\Presets">
      <UniqueIdentifier>{8d99921a-7af1-40c9-af61-654ac70eba35}</UniqueIdentifier>
    </Filter>
    <Filter Include="Data\StreamingAssets\QuestPacks">
      <UniqueIdentifier>{56f34f29-74b7-485b-bf4a-8ea27861dbeb}</UniqueIdentifier>
    </Filter>
    <Filter Include="Data\StreamingAssets\Quests">
      <UniqueIdentifier>{e807f77c-531f-4e21-aa54-389852ece52c}</UniqueIdentifier>
    </Filter>
    <Filter Include="Data\StreamingAssets\Sound">
      <UniqueIdentifier>{626b2d96-4822-4fcc-bd6b-066092cb17b3}</UniqueIdentifier>
    </Filter>
    <Filter Include="Data\StreamingAssets\SoundFonts">
      <UniqueIdentifier>{af3b7810-7f97-49f2-b096-828d1e2f0b6f}</UniqueIdentifier>
    </Filter>
    <Filter Include="Data\StreamingAssets\SpellIcons">
      <UniqueIdentifier>{55be301e-8bf5-4b51-8be0-0dc19a92f347}</UniqueIdentifier>
    </Filter>
    <Filter Include="Data\StreamingAssets\Tables">
      <UniqueIdentifier>{0a90fcc0-ae9c-44f5-aac4-dbb170d46c5d}</UniqueIdentifier>
    </Filter>
    <Filter Include="Data\StreamingAssets\Text">
      <UniqueIdentifier>{679a50d0-e91d-4d5b-b766-e470052b4c15}</UniqueIdentifier>
    </Filter>
    <Filter Include="Data\StreamingAssets\Text\Books">
      <UniqueIdentifier>{db3b3862-59ea-4d7e-aa3e-0d8c56c83443}</UniqueIdentifier>
    </Filter>
    <Filter Include="Data\StreamingAssets\Text\Books\BookImages">
      <UniqueIdentifier>{afe15022-8f0b-48a3-a03d-4838d28f3c42}</UniqueIdentifier>
    </Filter>
    <Filter Include="Data\StreamingAssets\Textures">
      <UniqueIdentifier>{324cce2e-63e6-4afc-912e-c114dcf7f201}</UniqueIdentifier>
    </Filter>
    <Filter Include="Data\StreamingAssets\Textures\CifRci">
      <UniqueIdentifier>{38e24d27-ba7a-4f83-82b9-6896854823d4}</UniqueIdentifier>
    </Filter>
    <Filter Include="Data\StreamingAssets\Textures\Img">
      <UniqueIdentifier>{8111763e-d03e-443c-9373-a0dee92b50f3}</UniqueIdentifier>
    </Filter>
    <Filter Include="Data\StreamingAssets\WorldData">
      <UniqueIdentifier>{0c4511ea-be51-4a78-84fc-44f353d4bb6a}</UniqueIdentifier>
    </Filter>
    <Filter Include="Data\il2cpp_data\etc">
      <UniqueIdentifier>{2e455a17-5708-4b33-bc28-be55d34a220f}</UniqueIdentifier>
    </Filter>
    <Filter Include="Data\il2cpp_data">
      <UniqueIdentifier>{8b417146-b4b5-4038-be3f-e470e80798cc}</UniqueIdentifier>
    </Filter>
    <Filter Include="Data\StreamingAssets">
      <UniqueIdentifier>{19e2e636-198f-4068-a053-f4e2ad5f6144}</UniqueIdentifier>
    </Filter>
    <Resource Include="$(MSBuildThisFileDirectory)Resource.res" />
    <None Include="$(MSBuildThisFileDirectory)StoreManifest.xml" />
    <ClCompile Include="$(MSBuildThisFileDirectory)UnityGenerated.cpp" />
    <ClInclude Include="$(MSBuildThisFileDirectory)UnityGenerated.h" />
    <None Include="$(MSBuildThisFileDirectory)Data\boot.config">
      <Filter>Data</Filter>
    </None>
    <None Include="$(MSBuildThisFileDirectory)Data\globalgamemanagers">
      <Filter>Data</Filter>
    </None>
    <None Include="$(MSBuildThisFileDirectory)Data\globalgamemanagers.assets">
      <Filter>Data</Filter>
    </None>
    <None Include="$(MSBuildThisFileDirectory)Data\level0">
      <Filter>Data</Filter>
    </None>
    <None Include="$(MSBuildThisFileDirectory)Data\level1">
      <Filter>Data</Filter>
    </None>
    <None Include="$(MSBuildThisFileDirectory)Data\nativePlugins.txt">
      <Filter>Data</Filter>
    </None>
    <None Include="$(MSBuildThisFileDirectory)Data\resources.assets">
      <Filter>Data</Filter>
    </None>
    <None Include="$(MSBuildThisFileDirectory)Data\resources.assets.resS">
      <Filter>Data</Filter>
    </None>
    <None Include="$(MSBuildThisFileDirectory)Data\sharedassets0.assets">
      <Filter>Data</Filter>
    </None>
    <None Include="$(MSBuildThisFileDirectory)Data\sharedassets1.assets">
      <Filter>Data</Filter>
    </None>
    <None Include="$(MSBuildThisFileDirectory)Data\sharedassets1.assets.resS">
      <Filter>Data</Filter>
    </None>
    <None Include="$(MSBuildThisFileDirectory)Data\il2cpp_data\etc\mono\browscap.ini">
      <Filter>Data\il2cpp_data\etc\mono</Filter>
    </None>
    <None Include="$(MSBuildThisFileDirectory)Data\il2cpp_data\etc\mono\config">
      <Filter>Data\il2cpp_data\etc\mono</Filter>
    </None>
    <None Include="$(MSBuildThisFileDirectory)Data\il2cpp_data\etc\mono\2.0\DefaultWsdlHelpGenerator.aspx">
      <Filter>Data\il2cpp_data\etc\mono\2.0</Filter>
    </None>
    <None Include="$(MSBuildThisFileDirectory)Data\il2cpp_data\etc\mono\2.0\machine.config">
      <Filter>Data\il2cpp_data\etc\mono\2.0</Filter>
    </None>
    <None Include="$(MSBuildThisFileDirectory)Data\il2cpp_data\etc\mono\2.0\settings.map">
      <Filter>Data\il2cpp_data\etc\mono\2.0</Filter>
    </None>
    <None Include="$(MSBuildThisFileDirectory)Data\il2cpp_data\etc\mono\2.0\web.config">
      <Filter>Data\il2cpp_data\etc\mono\2.0</Filter>
    </None>
    <None Include="$(MSBuildThisFileDirectory)Data\il2cpp_data\etc\mono\2.0\Browsers\Compat.browser">
      <Filter>Data\il2cpp_data\etc\mono\2.0\Browsers</Filter>
    </None>
    <None Include="$(MSBuildThisFileDirectory)Data\il2cpp_data\etc\mono\4.0\DefaultWsdlHelpGenerator.aspx">
      <Filter>Data\il2cpp_data\etc\mono\4.0</Filter>
    </None>
    <None Include="$(MSBuildThisFileDirectory)Data\il2cpp_data\etc\mono\4.0\machine.config">
      <Filter>Data\il2cpp_data\etc\mono\4.0</Filter>
    </None>
    <None Include="$(MSBuildThisFileDirectory)Data\il2cpp_data\etc\mono\4.0\settings.map">
      <Filter>Data\il2cpp_data\etc\mono\4.0</Filter>
    </None>
    <None Include="$(MSBuildThisFileDirectory)Data\il2cpp_data\etc\mono\4.0\web.config">
      <Filter>Data\il2cpp_data\etc\mono\4.0</Filter>
    </None>
    <None Include="$(MSBuildThisFileDirectory)Data\il2cpp_data\etc\mono\4.0\Browsers\Compat.browser">
      <Filter>Data\il2cpp_data\etc\mono\4.0\Browsers</Filter>
    </None>
    <None Include="$(MSBuildThisFileDirectory)Data\il2cpp_data\etc\mono\4.5\DefaultWsdlHelpGenerator.aspx">
      <Filter>Data\il2cpp_data\etc\mono\4.5</Filter>
    </None>
    <None Include="$(MSBuildThisFileDirectory)Data\il2cpp_data\etc\mono\4.5\machine.config">
      <Filter>Data\il2cpp_data\etc\mono\4.5</Filter>
    </None>
    <None Include="$(MSBuildThisFileDirectory)Data\il2cpp_data\etc\mono\4.5\settings.map">
      <Filter>Data\il2cpp_data\etc\mono\4.5</Filter>
    </None>
    <None Include="$(MSBuildThisFileDirectory)Data\il2cpp_data\etc\mono\4.5\web.config">
      <Filter>Data\il2cpp_data\etc\mono\4.5</Filter>
    </None>
    <None Include="$(MSBuildThisFileDirectory)Data\il2cpp_data\etc\mono\4.5\Browsers\Compat.browser">
      <Filter>Data\il2cpp_data\etc\mono\4.5\Browsers</Filter>
    </None>
    <None Include="$(MSBuildThisFileDirectory)Data\il2cpp_data\etc\mono\mconfig\config.xml">
      <Filter>Data\il2cpp_data\etc\mono\mconfig</Filter>
    </None>
    <None Include="$(MSBuildThisFileDirectory)Data\il2cpp_data\Metadata\global-metadata.dat">
      <Filter>Data\il2cpp_data\Metadata</Filter>
    </None>
    <None Include="$(MSBuildThisFileDirectory)Data\il2cpp_data\Resources\I18N.CJK.dll-resources.dat">
      <Filter>Data\il2cpp_data\Resources</Filter>
    </None>
    <None Include="$(MSBuildThisFileDirectory)Data\il2cpp_data\Resources\mscorlib.dll-resources.dat">
      <Filter>Data\il2cpp_data\Resources</Filter>
    </None>
    <None Include="$(MSBuildThisFileDirectory)Data\Resources\unity default resources">
      <Filter>Data\Resources</Filter>
    </None>
    <None Include="$(MSBuildThisFileDirectory)Data\Resources\unity_builtin_extra">
      <Filter>Data\Resources</Filter>
    </None>
    <None Include="$(MSBuildThisFileDirectory)Data\StreamingAssets\BIOGs\BIOG00T0.TXT">
      <Filter>Data\StreamingAssets\BIOGs</Filter>
    </None>
    <None Include="$(MSBuildThisFileDirectory)Data\StreamingAssets\BIOGs\BIOG01T0.TXT">
      <Filter>Data\StreamingAssets\BIOGs</Filter>
    </None>
    <None Include="$(MSBuildThisFileDirectory)Data\StreamingAssets\BIOGs\BIOG02T0.TXT">
      <Filter>Data\StreamingAssets\BIOGs</Filter>
    </None>
    <None Include="$(MSBuildThisFileDirectory)Data\StreamingAssets\BIOGs\BIOG03T0.TXT">
      <Filter>Data\StreamingAssets\BIOGs</Filter>
    </None>
    <None Include="$(MSBuildThisFileDirectory)Data\StreamingAssets\BIOGs\BIOG04T0.TXT">
      <Filter>Data\StreamingAssets\BIOGs</Filter>
    </None>
    <None Include="$(MSBuildThisFileDirectory)Data\StreamingAssets\BIOGs\BIOG05T0.TXT">
      <Filter>Data\StreamingAssets\BIOGs</Filter>
    </None>
    <None Include="$(MSBuildThisFileDirectory)Data\StreamingAssets\BIOGs\BIOG06T0.TXT">
      <Filter>Data\StreamingAssets\BIOGs</Filter>
    </None>
    <None Include="$(MSBuildThisFileDirectory)Data\StreamingAssets\BIOGs\BIOG07T0.TXT">
      <Filter>Data\StreamingAssets\BIOGs</Filter>
    </None>
    <None Include="$(MSBuildThisFileDirectory)Data\StreamingAssets\BIOGs\BIOG08T0.TXT">
      <Filter>Data\StreamingAssets\BIOGs</Filter>
    </None>
    <None Include="$(MSBuildThisFileDirectory)Data\StreamingAssets\BIOGs\BIOG09T0.TXT">
      <Filter>Data\StreamingAssets\BIOGs</Filter>
    </None>
    <None Include="$(MSBuildThisFileDirectory)Data\StreamingAssets\BIOGs\BIOG10T0.TXT">
      <Filter>Data\StreamingAssets\BIOGs</Filter>
    </None>
    <None Include="$(MSBuildThisFileDirectory)Data\StreamingAssets\BIOGs\BIOG11T0.TXT">
      <Filter>Data\StreamingAssets\BIOGs</Filter>
    </None>
    <None Include="$(MSBuildThisFileDirectory)Data\StreamingAssets\BIOGs\BIOG12T0.TXT">
      <Filter>Data\StreamingAssets\BIOGs</Filter>
    </None>
    <None Include="$(MSBuildThisFileDirectory)Data\StreamingAssets\BIOGs\BIOG13T0.TXT">
      <Filter>Data\StreamingAssets\BIOGs</Filter>
    </None>
    <None Include="$(MSBuildThisFileDirectory)Data\StreamingAssets\BIOGs\BIOG14T0.TXT">
      <Filter>Data\StreamingAssets\BIOGs</Filter>
    </None>
    <None Include="$(MSBuildThisFileDirectory)Data\StreamingAssets\BIOGs\BIOG15T0.TXT">
      <Filter>Data\StreamingAssets\BIOGs</Filter>
    </None>
    <None Include="$(MSBuildThisFileDirectory)Data\StreamingAssets\BIOGs\BIOG16T0.TXT">
      <Filter>Data\StreamingAssets\BIOGs</Filter>
    </None>
    <None Include="$(MSBuildThisFileDirectory)Data\StreamingAssets\BIOGs\BIOG17T0.TXT">
      <Filter>Data\StreamingAssets\BIOGs</Filter>
    </None>
    <None Include="$(MSBuildThisFileDirectory)Data\StreamingAssets\BIOGs\readme-deepfighter.txt">
      <Filter>Data\StreamingAssets\BIOGs</Filter>
    </None>
    <None Include="$(MSBuildThisFileDirectory)Data\StreamingAssets\BIOGs\readme.txt">
      <Filter>Data\StreamingAssets\BIOGs</Filter>
    </None>
    <None Include="$(MSBuildThisFileDirectory)Data\StreamingAssets\BIOGs\Deutsch\BIOG00T0.TXT">
      <Filter>Data\StreamingAssets\BIOGs\Deutsch</Filter>
    </None>
    <None Include="$(MSBuildThisFileDirectory)Data\StreamingAssets\BIOGs\Deutsch\BIOG01T0.TXT">
      <Filter>Data\StreamingAssets\BIOGs\Deutsch</Filter>
    </None>
    <None Include="$(MSBuildThisFileDirectory)Data\StreamingAssets\BIOGs\Deutsch\BIOG02T0.TXT">
      <Filter>Data\StreamingAssets\BIOGs\Deutsch</Filter>
    </None>
    <None Include="$(MSBuildThisFileDirectory)Data\StreamingAssets\BIOGs\Deutsch\BIOG03T0.TXT">
      <Filter>Data\StreamingAssets\BIOGs\Deutsch</Filter>
    </None>
    <None Include="$(MSBuildThisFileDirectory)Data\StreamingAssets\BIOGs\Deutsch\BIOG04T0.TXT">
      <Filter>Data\StreamingAssets\BIOGs\Deutsch</Filter>
    </None>
    <None Include="$(MSBuildThisFileDirectory)Data\StreamingAssets\BIOGs\Deutsch\BIOG05T0.TXT">
      <Filter>Data\StreamingAssets\BIOGs\Deutsch</Filter>
    </None>
    <None Include="$(MSBuildThisFileDirectory)Data\StreamingAssets\BIOGs\Deutsch\BIOG06T0.TXT">
      <Filter>Data\StreamingAssets\BIOGs\Deutsch</Filter>
    </None>
    <None Include="$(MSBuildThisFileDirectory)Data\StreamingAssets\BIOGs\Deutsch\BIOG07T0.TXT">
      <Filter>Data\StreamingAssets\BIOGs\Deutsch</Filter>
    </None>
    <None Include="$(MSBuildThisFileDirectory)Data\StreamingAssets\BIOGs\Deutsch\BIOG08T0.TXT">
      <Filter>Data\StreamingAssets\BIOGs\Deutsch</Filter>
    </None>
    <None Include="$(MSBuildThisFileDirectory)Data\StreamingAssets\BIOGs\Deutsch\BIOG09T0.TXT">
      <Filter>Data\StreamingAssets\BIOGs\Deutsch</Filter>
    </None>
    <None Include="$(MSBuildThisFileDirectory)Data\StreamingAssets\BIOGs\Deutsch\BIOG10T0.TXT">
      <Filter>Data\StreamingAssets\BIOGs\Deutsch</Filter>
    </None>
    <None Include="$(MSBuildThisFileDirectory)Data\StreamingAssets\BIOGs\Deutsch\BIOG11T0.TXT">
      <Filter>Data\StreamingAssets\BIOGs\Deutsch</Filter>
    </None>
    <None Include="$(MSBuildThisFileDirectory)Data\StreamingAssets\BIOGs\Deutsch\BIOG12T0.TXT">
      <Filter>Data\StreamingAssets\BIOGs\Deutsch</Filter>
    </None>
    <None Include="$(MSBuildThisFileDirectory)Data\StreamingAssets\BIOGs\Deutsch\BIOG13T0.TXT">
      <Filter>Data\StreamingAssets\BIOGs\Deutsch</Filter>
    </None>
    <None Include="$(MSBuildThisFileDirectory)Data\StreamingAssets\BIOGs\Deutsch\BIOG14T0.TXT">
      <Filter>Data\StreamingAssets\BIOGs\Deutsch</Filter>
    </None>
    <None Include="$(MSBuildThisFileDirectory)Data\StreamingAssets\BIOGs\Deutsch\BIOG15T0.TXT">
      <Filter>Data\StreamingAssets\BIOGs\Deutsch</Filter>
    </None>
    <None Include="$(MSBuildThisFileDirectory)Data\StreamingAssets\BIOGs\Deutsch\BIOG16T0.TXT">
      <Filter>Data\StreamingAssets\BIOGs\Deutsch</Filter>
    </None>
    <None Include="$(MSBuildThisFileDirectory)Data\StreamingAssets\BIOGs\Deutsch\BIOG17T0.TXT">
      <Filter>Data\StreamingAssets\BIOGs\Deutsch</Filter>
    </None>
    <None Include="$(MSBuildThisFileDirectory)Data\StreamingAssets\BIOGs\Francais\BIOG00T0.TXT">
      <Filter>Data\StreamingAssets\BIOGs\Francais</Filter>
    </None>
    <None Include="$(MSBuildThisFileDirectory)Data\StreamingAssets\BIOGs\Francais\BIOG01T0.TXT">
      <Filter>Data\StreamingAssets\BIOGs\Francais</Filter>
    </None>
    <None Include="$(MSBuildThisFileDirectory)Data\StreamingAssets\BIOGs\Francais\BIOG02T0.TXT">
      <Filter>Data\StreamingAssets\BIOGs\Francais</Filter>
    </None>
    <None Include="$(MSBuildThisFileDirectory)Data\StreamingAssets\BIOGs\Francais\BIOG03T0.TXT">
      <Filter>Data\StreamingAssets\BIOGs\Francais</Filter>
    </None>
    <None Include="$(MSBuildThisFileDirectory)Data\StreamingAssets\BIOGs\Francais\BIOG04T0.TXT">
      <Filter>Data\StreamingAssets\BIOGs\Francais</Filter>
    </None>
    <None Include="$(MSBuildThisFileDirectory)Data\StreamingAssets\BIOGs\Francais\BIOG05T0.TXT">
      <Filter>Data\StreamingAssets\BIOGs\Francais</Filter>
    </None>
    <None Include="$(MSBuildThisFileDirectory)Data\StreamingAssets\BIOGs\Francais\BIOG06T0.TXT">
      <Filter>Data\StreamingAssets\BIOGs\Francais</Filter>
    </None>
    <None Include="$(MSBuildThisFileDirectory)Data\StreamingAssets\BIOGs\Francais\BIOG07T0.TXT">
      <Filter>Data\StreamingAssets\BIOGs\Francais</Filter>
    </None>
    <None Include="$(MSBuildThisFileDirectory)Data\StreamingAssets\BIOGs\Francais\BIOG08T0.TXT">
      <Filter>Data\StreamingAssets\BIOGs\Francais</Filter>
    </None>
    <None Include="$(MSBuildThisFileDirectory)Data\StreamingAssets\BIOGs\Francais\BIOG09T0.TXT">
      <Filter>Data\StreamingAssets\BIOGs\Francais</Filter>
    </None>
    <None Include="$(MSBuildThisFileDirectory)Data\StreamingAssets\BIOGs\Francais\BIOG10T0.TXT">
      <Filter>Data\StreamingAssets\BIOGs\Francais</Filter>
    </None>
    <None Include="$(MSBuildThisFileDirectory)Data\StreamingAssets\BIOGs\Francais\BIOG11T0.TXT">
      <Filter>Data\StreamingAssets\BIOGs\Francais</Filter>
    </None>
    <None Include="$(MSBuildThisFileDirectory)Data\StreamingAssets\BIOGs\Francais\BIOG12T0.TXT">
      <Filter>Data\StreamingAssets\BIOGs\Francais</Filter>
    </None>
    <None Include="$(MSBuildThisFileDirectory)Data\StreamingAssets\BIOGs\Francais\BIOG13T0.TXT">
      <Filter>Data\StreamingAssets\BIOGs\Francais</Filter>
    </None>
    <None Include="$(MSBuildThisFileDirectory)Data\StreamingAssets\BIOGs\Francais\BIOG14T0.TXT">
      <Filter>Data\StreamingAssets\BIOGs\Francais</Filter>
    </None>
    <None Include="$(MSBuildThisFileDirectory)Data\StreamingAssets\BIOGs\Francais\BIOG15T0.TXT">
      <Filter>Data\StreamingAssets\BIOGs\Francais</Filter>
    </None>
    <None Include="$(MSBuildThisFileDirectory)Data\StreamingAssets\BIOGs\Francais\BIOG16T0.TXT">
      <Filter>Data\StreamingAssets\BIOGs\Francais</Filter>
    </None>
    <None Include="$(MSBuildThisFileDirectory)Data\StreamingAssets\BIOGs\Francais\BIOG17T0.TXT">
      <Filter>Data\StreamingAssets\BIOGs\Francais</Filter>
    </None>
    <None Include="$(MSBuildThisFileDirectory)Data\StreamingAssets\Books\.gitignore">
      <Filter>Data\StreamingAssets\Books</Filter>
    </None>
    <None Include="$(MSBuildThisFileDirectory)Data\StreamingAssets\Docs\.gitignore">
      <Filter>Data\StreamingAssets\Docs</Filter>
    </None>
    <None Include="$(MSBuildThisFileDirectory)Data\StreamingAssets\Docs\readme.txt">
      <Filter>Data\StreamingAssets\Docs</Filter>
    </None>
    <None Include="$(MSBuildThisFileDirectory)Data\StreamingAssets\Factions\FACTION.TXT">
      <Filter>Data\StreamingAssets\Factions</Filter>
    </None>
    <None Include="$(MSBuildThisFileDirectory)Data\StreamingAssets\Fonts\FONT0000.FNT">
      <Filter>Data\StreamingAssets\Fonts</Filter>
    </None>
    <None Include="$(MSBuildThisFileDirectory)Data\StreamingAssets\Fonts\FONT0001.FNT">
      <Filter>Data\StreamingAssets\Fonts</Filter>
    </None>
    <None Include="$(MSBuildThisFileDirectory)Data\StreamingAssets\Fonts\FONT0002.FNT">
      <Filter>Data\StreamingAssets\Fonts</Filter>
    </None>
    <None Include="$(MSBuildThisFileDirectory)Data\StreamingAssets\Fonts\FONT0003.FNT">
      <Filter>Data\StreamingAssets\Fonts</Filter>
    </None>
    <None Include="$(MSBuildThisFileDirectory)Data\StreamingAssets\Fonts\FONT0004.FNT">
      <Filter>Data\StreamingAssets\Fonts</Filter>
    </None>
    <None Include="$(MSBuildThisFileDirectory)Data\StreamingAssets\GameFiles\.gitignore">
      <Filter>Data\StreamingAssets\GameFiles</Filter>
    </None>
    <None Include="$(MSBuildThisFileDirectory)Data\StreamingAssets\GameFiles\readme.txt">
      <Filter>Data\StreamingAssets\GameFiles</Filter>
    </None>
    <None Include="$(MSBuildThisFileDirectory)Data\StreamingAssets\Mods\.gitignore">
      <Filter>Data\StreamingAssets\Mods</Filter>
    </None>
    <None Include="$(MSBuildThisFileDirectory)Data\StreamingAssets\Mods\readme.txt">
      <Filter>Data\StreamingAssets\Mods</Filter>
    </None>
    <None Include="$(MSBuildThisFileDirectory)Data\StreamingAssets\Movies\.gitignore">
      <Filter>Data\StreamingAssets\Movies</Filter>
    </None>
    <None Include="$(MSBuildThisFileDirectory)Data\StreamingAssets\Presets\.gitignore">
      <Filter>Data\StreamingAssets\Presets</Filter>
    </None>
    <None Include="$(MSBuildThisFileDirectory)Data\StreamingAssets\QuestPacks\.gitignore">
      <Filter>Data\StreamingAssets\QuestPacks</Filter>
    </None>
    <None Include="$(MSBuildThisFileDirectory)Data\StreamingAssets\QuestPacks\readme.txt">
      <Filter>Data\StreamingAssets\QuestPacks</Filter>
    </None>
    <None Include="$(MSBuildThisFileDirectory)Data\StreamingAssets\Quests\$CUREVAM.txt">
      <Filter>Data\StreamingAssets\Quests</Filter>
    </None>
    <None Include="$(MSBuildThisFileDirectory)Data\StreamingAssets\Quests\$CUREWER.txt">
      <Filter>Data\StreamingAssets\Quests</Filter>
    </None>
    <None Include="$(MSBuildThisFileDirectory)Data\StreamingAssets\Quests\00B00Y00.txt">
      <Filter>Data\StreamingAssets\Quests</Filter>
    </None>
    <None Include="$(MSBuildThisFileDirectory)Data\StreamingAssets\Quests\10C00Y00.txt">
      <Filter>Data\StreamingAssets\Quests</Filter>
    </None>
    <None Include="$(MSBuildThisFileDirectory)Data\StreamingAssets\Quests\20C00Y00.txt">
      <Filter>Data\StreamingAssets\Quests</Filter>
    </None>
    <None Include="$(MSBuildThisFileDirectory)Data\StreamingAssets\Quests\30C00Y00.txt">
      <Filter>Data\StreamingAssets\Quests</Filter>
    </None>
    <None Include="$(MSBuildThisFileDirectory)Data\StreamingAssets\Quests\40C00Y00.txt">
      <Filter>Data\StreamingAssets\Quests</Filter>
    </None>
    <None Include="$(MSBuildThisFileDirectory)Data\StreamingAssets\Quests\50C00Y00.txt">
      <Filter>Data\StreamingAssets\Quests</Filter>
    </None>
    <None Include="$(MSBuildThisFileDirectory)Data\StreamingAssets\Quests\60C00Y00.txt">
      <Filter>Data\StreamingAssets\Quests</Filter>
    </None>
    <None Include="$(MSBuildThisFileDirectory)Data\StreamingAssets\Quests\70C00Y00.txt">
      <Filter>Data\StreamingAssets\Quests</Filter>
    </None>
    <None Include="$(MSBuildThisFileDirectory)Data\StreamingAssets\Quests\80C0XY00.txt">
      <Filter>Data\StreamingAssets\Quests</Filter>
    </None>
    <None Include="$(MSBuildThisFileDirectory)Data\StreamingAssets\Quests\90C00Y00.txt">
      <Filter>Data\StreamingAssets\Quests</Filter>
    </None>
    <None Include="$(MSBuildThisFileDirectory)Data\StreamingAssets\Quests\A0C00Y00.txt">
      <Filter>Data\StreamingAssets\Quests</Filter>
    </None>
    <None Include="$(MSBuildThisFileDirectory)Data\StreamingAssets\Quests\A0C00Y06.txt">
      <Filter>Data\StreamingAssets\Quests</Filter>
    </None>
    <None Include="$(MSBuildThisFileDirectory)Data\StreamingAssets\Quests\A0C00Y07.txt">
      <Filter>Data\StreamingAssets\Quests</Filter>
    </None>
    <None Include="$(MSBuildThisFileDirectory)Data\StreamingAssets\Quests\A0C00Y08.txt">
      <Filter>Data\StreamingAssets\Quests</Filter>
    </None>
    <None Include="$(MSBuildThisFileDirectory)Data\StreamingAssets\Quests\A0C00Y10.txt">
      <Filter>Data\StreamingAssets\Quests</Filter>
    </None>
    <None Include="$(MSBuildThisFileDirectory)Data\StreamingAssets\Quests\A0C00Y11.txt">
      <Filter>Data\StreamingAssets\Quests</Filter>
    </None>
    <None Include="$(MSBuildThisFileDirectory)Data\StreamingAssets\Quests\A0C00Y12.txt">
      <Filter>Data\StreamingAssets\Quests</Filter>
    </None>
    <None Include="$(MSBuildThisFileDirectory)Data\StreamingAssets\Quests\A0C00Y14.txt">
      <Filter>Data\StreamingAssets\Quests</Filter>
    </None>
    <None Include="$(MSBuildThisFileDirectory)Data\StreamingAssets\Quests\A0C00Y15.txt">
      <Filter>Data\StreamingAssets\Quests</Filter>
    </None>
    <None Include="$(MSBuildThisFileDirectory)Data\StreamingAssets\Quests\A0C00Y16.txt">
      <Filter>Data\StreamingAssets\Quests</Filter>
    </None>
    <None Include="$(MSBuildThisFileDirectory)Data\StreamingAssets\Quests\A0C00Y17.txt">
      <Filter>Data\StreamingAssets\Quests</Filter>
    </None>
    <None Include="$(MSBuildThisFileDirectory)Data\StreamingAssets\Quests\A0C01Y01.txt">
      <Filter>Data\StreamingAssets\Quests</Filter>
    </None>
    <None Include="$(MSBuildThisFileDirectory)Data\StreamingAssets\Quests\A0C01Y03.txt">
      <Filter>Data\StreamingAssets\Quests</Filter>
    </None>
    <None Include="$(MSBuildThisFileDirectory)Data\StreamingAssets\Quests\A0C01Y06.txt">
      <Filter>Data\StreamingAssets\Quests</Filter>
    </None>
    <None Include="$(MSBuildThisFileDirectory)Data\StreamingAssets\Quests\A0C01Y09.txt">
      <Filter>Data\StreamingAssets\Quests</Filter>
    </None>
    <None Include="$(MSBuildThisFileDirectory)Data\StreamingAssets\Quests\A0C01Y13.txt">
      <Filter>Data\StreamingAssets\Quests</Filter>
    </None>
    <None Include="$(MSBuildThisFileDirectory)Data\StreamingAssets\Quests\A0C0XY04.txt">
      <Filter>Data\StreamingAssets\Quests</Filter>
    </None>
    <None Include="$(MSBuildThisFileDirectory)Data\StreamingAssets\Quests\A0C10Y02.txt">
      <Filter>Data\StreamingAssets\Quests</Filter>
    </None>
    <None Include="$(MSBuildThisFileDirectory)Data\StreamingAssets\Quests\A0C10Y05.txt">
      <Filter>Data\StreamingAssets\Quests</Filter>
    </None>
    <None Include="$(MSBuildThisFileDirectory)Data\StreamingAssets\Quests\A0C41Y18.txt">
      <Filter>Data\StreamingAssets\Quests</Filter>
    </None>
    <None Include="$(MSBuildThisFileDirectory)Data\StreamingAssets\Quests\B0B00Y00.txt">
      <Filter>Data\StreamingAssets\Quests</Filter>
    </None>
    <None Include="$(MSBuildThisFileDirectory)Data\StreamingAssets\Quests\B0B00Y01.txt">
      <Filter>Data\StreamingAssets\Quests</Filter>
    </None>
    <None Include="$(MSBuildThisFileDirectory)Data\StreamingAssets\Quests\B0B10Y04.txt">
      <Filter>Data\StreamingAssets\Quests</Filter>
    </None>
    <None Include="$(MSBuildThisFileDirectory)Data\StreamingAssets\Quests\B0B20Y07.txt">
      <Filter>Data\StreamingAssets\Quests</Filter>
    </None>
    <None Include="$(MSBuildThisFileDirectory)Data\StreamingAssets\Quests\B0B40Y08.txt">
      <Filter>Data\StreamingAssets\Quests</Filter>
    </None>
    <None Include="$(MSBuildThisFileDirectory)Data\StreamingAssets\Quests\B0B40Y09.txt">
      <Filter>Data\StreamingAssets\Quests</Filter>
    </None>
    <None Include="$(MSBuildThisFileDirectory)Data\StreamingAssets\Quests\B0B50Y11.txt">
      <Filter>Data\StreamingAssets\Quests</Filter>
    </None>
    <None Include="$(MSBuildThisFileDirectory)Data\StreamingAssets\Quests\B0B60Y12.txt">
      <Filter>Data\StreamingAssets\Quests</Filter>
    </None>
    <None Include="$(MSBuildThisFileDirectory)Data\StreamingAssets\Quests\B0B70Y14.txt">
      <Filter>Data\StreamingAssets\Quests</Filter>
    </None>
    <None Include="$(MSBuildThisFileDirectory)Data\StreamingAssets\Quests\B0B70Y16.txt">
      <Filter>Data\StreamingAssets\Quests</Filter>
    </None>
    <None Include="$(MSBuildThisFileDirectory)Data\StreamingAssets\Quests\B0B71Y03.txt">
      <Filter>Data\StreamingAssets\Quests</Filter>
    </None>
    <None Include="$(MSBuildThisFileDirectory)Data\StreamingAssets\Quests\B0B80Y17.txt">
      <Filter>Data\StreamingAssets\Quests</Filter>
    </None>
    <None Include="$(MSBuildThisFileDirectory)Data\StreamingAssets\Quests\B0B81Y02.txt">
      <Filter>Data\StreamingAssets\Quests</Filter>
    </None>
    <None Include="$(MSBuildThisFileDirectory)Data\StreamingAssets\Quests\B0C00Y05.txt">
      <Filter>Data\StreamingAssets\Quests</Filter>
    </None>
    <None Include="$(MSBuildThisFileDirectory)Data\StreamingAssets\Quests\B0C00Y06.txt">
      <Filter>Data\StreamingAssets\Quests</Filter>
    </None>
    <None Include="$(MSBuildThisFileDirectory)Data\StreamingAssets\Quests\B0C00Y10.txt">
      <Filter>Data\StreamingAssets\Quests</Filter>
    </None>
    <None Include="$(MSBuildThisFileDirectory)Data\StreamingAssets\Quests\B0C00Y13.txt">
      <Filter>Data\StreamingAssets\Quests</Filter>
    </None>
    <None Include="$(MSBuildThisFileDirectory)Data\StreamingAssets\Quests\C0B00Y00.txt">
      <Filter>Data\StreamingAssets\Quests</Filter>
    </None>
    <None Include="$(MSBuildThisFileDirectory)Data\StreamingAssets\Quests\C0B00Y01.txt">
      <Filter>Data\StreamingAssets\Quests</Filter>
    </None>
    <None Include="$(MSBuildThisFileDirectory)Data\StreamingAssets\Quests\C0B00Y02.txt">
      <Filter>Data\StreamingAssets\Quests</Filter>
    </None>
    <None Include="$(MSBuildThisFileDirectory)Data\StreamingAssets\Quests\C0B00Y03.txt">
      <Filter>Data\StreamingAssets\Quests</Filter>
    </None>
    <None Include="$(MSBuildThisFileDirectory)Data\StreamingAssets\Quests\C0B00Y04.txt">
      <Filter>Data\StreamingAssets\Quests</Filter>
    </None>
    <None Include="$(MSBuildThisFileDirectory)Data\StreamingAssets\Quests\C0B00Y14.txt">
      <Filter>Data\StreamingAssets\Quests</Filter>
    </None>
    <None Include="$(MSBuildThisFileDirectory)Data\StreamingAssets\Quests\C0B10Y05.txt">
      <Filter>Data\StreamingAssets\Quests</Filter>
    </None>
    <None Include="$(MSBuildThisFileDirectory)Data\StreamingAssets\Quests\C0B10Y06.txt">
      <Filter>Data\StreamingAssets\Quests</Filter>
    </None>
    <None Include="$(MSBuildThisFileDirectory)Data\StreamingAssets\Quests\C0B10Y07.txt">
      <Filter>Data\StreamingAssets\Quests</Filter>
    </None>
    <None Include="$(MSBuildThisFileDirectory)Data\StreamingAssets\Quests\C0B10Y15.txt">
      <Filter>Data\StreamingAssets\Quests</Filter>
    </None>
    <None Include="$(MSBuildThisFileDirectory)Data\StreamingAssets\Quests\C0B20Y08.txt">
      <Filter>Data\StreamingAssets\Quests</Filter>
    </None>
    <None Include="$(MSBuildThisFileDirectory)Data\StreamingAssets\Quests\C0B3XY09.txt">
      <Filter>Data\StreamingAssets\Quests</Filter>
    </None>
    <None Include="$(MSBuildThisFileDirectory)Data\StreamingAssets\Quests\C0C00Y10.txt">
      <Filter>Data\StreamingAssets\Quests</Filter>
    </None>
    <None Include="$(MSBuildThisFileDirectory)Data\StreamingAssets\Quests\C0C00Y11.txt">
      <Filter>Data\StreamingAssets\Quests</Filter>
    </None>
    <None Include="$(MSBuildThisFileDirectory)Data\StreamingAssets\Quests\C0C00Y12.txt">
      <Filter>Data\StreamingAssets\Quests</Filter>
    </None>
    <None Include="$(MSBuildThisFileDirectory)Data\StreamingAssets\Quests\C0C00Y13.txt">
      <Filter>Data\StreamingAssets\Quests</Filter>
    </None>
    <None Include="$(MSBuildThisFileDirectory)Data\StreamingAssets\Quests\CUSTOM01.txt">
      <Filter>Data\StreamingAssets\Quests</Filter>
    </None>
    <None Include="$(MSBuildThisFileDirectory)Data\StreamingAssets\Quests\D0B00Y00.txt">
      <Filter>Data\StreamingAssets\Quests</Filter>
    </None>
    <None Include="$(MSBuildThisFileDirectory)Data\StreamingAssets\Quests\E0B00Y00.txt">
      <Filter>Data\StreamingAssets\Quests</Filter>
    </None>
    <None Include="$(MSBuildThisFileDirectory)Data\StreamingAssets\Quests\F0B00Y00.txt">
      <Filter>Data\StreamingAssets\Quests</Filter>
    </None>
    <None Include="$(MSBuildThisFileDirectory)Data\StreamingAssets\Quests\G0B00Y00.txt">
      <Filter>Data\StreamingAssets\Quests</Filter>
    </None>
    <None Include="$(MSBuildThisFileDirectory)Data\StreamingAssets\Quests\H0B00Y00.txt">
      <Filter>Data\StreamingAssets\Quests</Filter>
    </None>
    <None Include="$(MSBuildThisFileDirectory)Data\StreamingAssets\Quests\I0B00Y00.txt">
      <Filter>Data\StreamingAssets\Quests</Filter>
    </None>
    <None Include="$(MSBuildThisFileDirectory)Data\StreamingAssets\Quests\J0B00Y00.txt">
      <Filter>Data\StreamingAssets\Quests</Filter>
    </None>
    <None Include="$(MSBuildThisFileDirectory)Data\StreamingAssets\Quests\K0C00Y00.txt">
      <Filter>Data\StreamingAssets\Quests</Filter>
    </None>
    <None Include="$(MSBuildThisFileDirectory)Data\StreamingAssets\Quests\K0C00Y02.txt">
      <Filter>Data\StreamingAssets\Quests</Filter>
    </None>
    <None Include="$(MSBuildThisFileDirectory)Data\StreamingAssets\Quests\K0C00Y03.txt">
      <Filter>Data\StreamingAssets\Quests</Filter>
    </None>
    <None Include="$(MSBuildThisFileDirectory)Data\StreamingAssets\Quests\K0C00Y04.txt">
      <Filter>Data\StreamingAssets\Quests</Filter>
    </None>
    <None Include="$(MSBuildThisFileDirectory)Data\StreamingAssets\Quests\K0C00Y05.txt">
      <Filter>Data\StreamingAssets\Quests</Filter>
    </None>
    <None Include="$(MSBuildThisFileDirectory)Data\StreamingAssets\Quests\K0C00Y06.txt">
      <Filter>Data\StreamingAssets\Quests</Filter>
    </None>
    <None Include="$(MSBuildThisFileDirectory)Data\StreamingAssets\Quests\K0C00Y07.txt">
      <Filter>Data\StreamingAssets\Quests</Filter>
    </None>
    <None Include="$(MSBuildThisFileDirectory)Data\StreamingAssets\Quests\K0C00Y08.txt">
      <Filter>Data\StreamingAssets\Quests</Filter>
    </None>
    <None Include="$(MSBuildThisFileDirectory)Data\StreamingAssets\Quests\K0C00Y09.txt">
      <Filter>Data\StreamingAssets\Quests</Filter>
    </None>
    <None Include="$(MSBuildThisFileDirectory)Data\StreamingAssets\Quests\K0C01Y00.txt">
      <Filter>Data\StreamingAssets\Quests</Filter>
    </None>
    <None Include="$(MSBuildThisFileDirectory)Data\StreamingAssets\Quests\K0C01Y10.txt">
      <Filter>Data\StreamingAssets\Quests</Filter>
    </None>
    <None Include="$(MSBuildThisFileDirectory)Data\StreamingAssets\Quests\K0C0XY01.txt">
      <Filter>Data\StreamingAssets\Quests</Filter>
    </None>
    <None Include="$(MSBuildThisFileDirectory)Data\StreamingAssets\Quests\K0C30Y03.txt">
      <Filter>Data\StreamingAssets\Quests</Filter>
    </None>
    <None Include="$(MSBuildThisFileDirectory)Data\StreamingAssets\Quests\L0A01L00.txt">
      <Filter>Data\StreamingAssets\Quests</Filter>
    </None>
    <None Include="$(MSBuildThisFileDirectory)Data\StreamingAssets\Quests\L0B00Y00.txt">
      <Filter>Data\StreamingAssets\Quests</Filter>
    </None>
    <None Include="$(MSBuildThisFileDirectory)Data\StreamingAssets\Quests\L0B00Y01.txt">
      <Filter>Data\StreamingAssets\Quests</Filter>
    </None>
    <None Include="$(MSBuildThisFileDirectory)Data\StreamingAssets\Quests\L0B00Y02.txt">
      <Filter>Data\StreamingAssets\Quests</Filter>
    </None>
    <None Include="$(MSBuildThisFileDirectory)Data\StreamingAssets\Quests\L0B00Y03.txt">
      <Filter>Data\StreamingAssets\Quests</Filter>
    </None>
    <None Include="$(MSBuildThisFileDirectory)Data\StreamingAssets\Quests\L0B10Y01.txt">
      <Filter>Data\StreamingAssets\Quests</Filter>
    </None>
    <None Include="$(MSBuildThisFileDirectory)Data\StreamingAssets\Quests\L0B10Y03.txt">
      <Filter>Data\StreamingAssets\Quests</Filter>
    </None>
    <None Include="$(MSBuildThisFileDirectory)Data\StreamingAssets\Quests\L0B20Y02.txt">
      <Filter>Data\StreamingAssets\Quests</Filter>
    </None>
    <None Include="$(MSBuildThisFileDirectory)Data\StreamingAssets\Quests\L0B30Y03.txt">
      <Filter>Data\StreamingAssets\Quests</Filter>
    </None>
    <None Include="$(MSBuildThisFileDirectory)Data\StreamingAssets\Quests\L0B30Y09.txt">
      <Filter>Data\StreamingAssets\Quests</Filter>
    </None>
    <None Include="$(MSBuildThisFileDirectory)Data\StreamingAssets\Quests\L0B40Y04.txt">
      <Filter>Data\StreamingAssets\Quests</Filter>
    </None>
    <None Include="$(MSBuildThisFileDirectory)Data\StreamingAssets\Quests\L0B50Y11.txt">
      <Filter>Data\StreamingAssets\Quests</Filter>
    </None>
    <None Include="$(MSBuildThisFileDirectory)Data\StreamingAssets\Quests\L0B60Y10.txt">
      <Filter>Data\StreamingAssets\Quests</Filter>
    </None>
    <None Include="$(MSBuildThisFileDirectory)Data\StreamingAssets\Quests\M0B00Y00.txt">
      <Filter>Data\StreamingAssets\Quests</Filter>
    </None>
    <None Include="$(MSBuildThisFileDirectory)Data\StreamingAssets\Quests\M0B00Y06.txt">
      <Filter>Data\StreamingAssets\Quests</Filter>
    </None>
    <None Include="$(MSBuildThisFileDirectory)Data\StreamingAssets\Quests\M0B00Y07.txt">
      <Filter>Data\StreamingAssets\Quests</Filter>
    </None>
    <None Include="$(MSBuildThisFileDirectory)Data\StreamingAssets\Quests\M0B00Y15.txt">
      <Filter>Data\StreamingAssets\Quests</Filter>
    </None>
    <None Include="$(MSBuildThisFileDirectory)Data\StreamingAssets\Quests\M0B00Y16.txt">
      <Filter>Data\StreamingAssets\Quests</Filter>
    </None>
    <None Include="$(MSBuildThisFileDirectory)Data\StreamingAssets\Quests\M0B00Y17.txt">
      <Filter>Data\StreamingAssets\Quests</Filter>
    </None>
    <None Include="$(MSBuildThisFileDirectory)Data\StreamingAssets\Quests\M0B11Y18.txt">
      <Filter>Data\StreamingAssets\Quests</Filter>
    </None>
    <None Include="$(MSBuildThisFileDirectory)Data\StreamingAssets\Quests\M0B1XY01.txt">
      <Filter>Data\StreamingAssets\Quests</Filter>
    </None>
    <None Include="$(MSBuildThisFileDirectory)Data\StreamingAssets\Quests\M0B20Y02.txt">
      <Filter>Data\StreamingAssets\Quests</Filter>
    </None>
    <None Include="$(MSBuildThisFileDirectory)Data\StreamingAssets\Quests\M0B21Y19.txt">
      <Filter>Data\StreamingAssets\Quests</Filter>
    </None>
    <None Include="$(MSBuildThisFileDirectory)Data\StreamingAssets\Quests\M0B30Y03.txt">
      <Filter>Data\StreamingAssets\Quests</Filter>
    </None>
    <None Include="$(MSBuildThisFileDirectory)Data\StreamingAssets\Quests\M0B30Y04.txt">
      <Filter>Data\StreamingAssets\Quests</Filter>
    </None>
    <None Include="$(MSBuildThisFileDirectory)Data\StreamingAssets\Quests\M0B30Y08.txt">
      <Filter>Data\StreamingAssets\Quests</Filter>
    </None>
    <None Include="$(MSBuildThisFileDirectory)Data\StreamingAssets\Quests\M0B40Y05.txt">
      <Filter>Data\StreamingAssets\Quests</Filter>
    </None>
    <None Include="$(MSBuildThisFileDirectory)Data\StreamingAssets\Quests\M0B50Y09.txt">
      <Filter>Data\StreamingAssets\Quests</Filter>
    </None>
    <None Include="$(MSBuildThisFileDirectory)Data\StreamingAssets\Quests\M0B60Y10.txt">
      <Filter>Data\StreamingAssets\Quests</Filter>
    </None>
    <None Include="$(MSBuildThisFileDirectory)Data\StreamingAssets\Quests\M0C00Y11.txt">
      <Filter>Data\StreamingAssets\Quests</Filter>
    </None>
    <None Include="$(MSBuildThisFileDirectory)Data\StreamingAssets\Quests\M0C00Y12.txt">
      <Filter>Data\StreamingAssets\Quests</Filter>
    </None>
    <None Include="$(MSBuildThisFileDirectory)Data\StreamingAssets\Quests\M0C00Y13.txt">
      <Filter>Data\StreamingAssets\Quests</Filter>
    </None>
    <None Include="$(MSBuildThisFileDirectory)Data\StreamingAssets\Quests\M0C00Y14.txt">
      <Filter>Data\StreamingAssets\Quests</Filter>
    </None>
    <None Include="$(MSBuildThisFileDirectory)Data\StreamingAssets\Quests\N0B00Y04.txt">
      <Filter>Data\StreamingAssets\Quests</Filter>
    </None>
    <None Include="$(MSBuildThisFileDirectory)Data\StreamingAssets\Quests\N0B00Y06.txt">
      <Filter>Data\StreamingAssets\Quests</Filter>
    </None>
    <None Include="$(MSBuildThisFileDirectory)Data\StreamingAssets\Quests\N0B00Y08.txt">
      <Filter>Data\StreamingAssets\Quests</Filter>
    </None>
    <None Include="$(MSBuildThisFileDirectory)Data\StreamingAssets\Quests\N0B00Y09.txt">
      <Filter>Data\StreamingAssets\Quests</Filter>
    </None>
    <None Include="$(MSBuildThisFileDirectory)Data\StreamingAssets\Quests\N0B00Y16.txt">
      <Filter>Data\StreamingAssets\Quests</Filter>
    </None>
    <None Include="$(MSBuildThisFileDirectory)Data\StreamingAssets\Quests\N0B00Y17.txt">
      <Filter>Data\StreamingAssets\Quests</Filter>
    </None>
    <None Include="$(MSBuildThisFileDirectory)Data\StreamingAssets\Quests\N0B10Y01.txt">
      <Filter>Data\StreamingAssets\Quests</Filter>
    </None>
    <None Include="$(MSBuildThisFileDirectory)Data\StreamingAssets\Quests\N0B10Y03.txt">
      <Filter>Data\StreamingAssets\Quests</Filter>
    </None>
    <None Include="$(MSBuildThisFileDirectory)Data\StreamingAssets\Quests\N0B11Y18.txt">
      <Filter>Data\StreamingAssets\Quests</Filter>
    </None>
    <None Include="$(MSBuildThisFileDirectory)Data\StreamingAssets\Quests\N0B20Y02.txt">
      <Filter>Data\StreamingAssets\Quests</Filter>
    </None>
    <None Include="$(MSBuildThisFileDirectory)Data\StreamingAssets\Quests\N0B20Y05.txt">
      <Filter>Data\StreamingAssets\Quests</Filter>
    </None>
    <None Include="$(MSBuildThisFileDirectory)Data\StreamingAssets\Quests\N0B21Y14.txt">
      <Filter>Data\StreamingAssets\Quests</Filter>
    </None>
    <None Include="$(MSBuildThisFileDirectory)Data\StreamingAssets\Quests\N0B30Y15.txt">
      <Filter>Data\StreamingAssets\Quests</Filter>
    </None>
    <None Include="$(MSBuildThisFileDirectory)Data\StreamingAssets\Quests\N0B40Y07.txt">
      <Filter>Data\StreamingAssets\Quests</Filter>
    </None>
    <None Include="$(MSBuildThisFileDirectory)Data\StreamingAssets\Quests\N0C00Y10.txt">
      <Filter>Data\StreamingAssets\Quests</Filter>
    </None>
    <None Include="$(MSBuildThisFileDirectory)Data\StreamingAssets\Quests\N0C00Y11.txt">
      <Filter>Data\StreamingAssets\Quests</Filter>
    </None>
    <None Include="$(MSBuildThisFileDirectory)Data\StreamingAssets\Quests\N0C00Y12.txt">
      <Filter>Data\StreamingAssets\Quests</Filter>
    </None>
    <None Include="$(MSBuildThisFileDirectory)Data\StreamingAssets\Quests\N0C00Y13.txt">
      <Filter>Data\StreamingAssets\Quests</Filter>
    </None>
    <None Include="$(MSBuildThisFileDirectory)Data\StreamingAssets\Quests\O0A0AL00.txt">
      <Filter>Data\StreamingAssets\Quests</Filter>
    </None>
    <None Include="$(MSBuildThisFileDirectory)Data\StreamingAssets\Quests\O0B00Y00.txt">
      <Filter>Data\StreamingAssets\Quests</Filter>
    </None>
    <None Include="$(MSBuildThisFileDirectory)Data\StreamingAssets\Quests\O0B00Y01.txt">
      <Filter>Data\StreamingAssets\Quests</Filter>
    </None>
    <None Include="$(MSBuildThisFileDirectory)Data\StreamingAssets\Quests\O0B00Y11.txt">
      <Filter>Data\StreamingAssets\Quests</Filter>
    </None>
    <None Include="$(MSBuildThisFileDirectory)Data\StreamingAssets\Quests\O0B00Y12.txt">
      <Filter>Data\StreamingAssets\Quests</Filter>
    </None>
    <None Include="$(MSBuildThisFileDirectory)Data\StreamingAssets\Quests\O0B10Y00.txt">
      <Filter>Data\StreamingAssets\Quests</Filter>
    </None>
    <None Include="$(MSBuildThisFileDirectory)Data\StreamingAssets\Quests\O0B10Y03.txt">
      <Filter>Data\StreamingAssets\Quests</Filter>
    </None>
    <None Include="$(MSBuildThisFileDirectory)Data\StreamingAssets\Quests\O0B10Y05.txt">
      <Filter>Data\StreamingAssets\Quests</Filter>
    </None>
    <None Include="$(MSBuildThisFileDirectory)Data\StreamingAssets\Quests\O0B10Y06.txt">
      <Filter>Data\StreamingAssets\Quests</Filter>
    </None>
    <None Include="$(MSBuildThisFileDirectory)Data\StreamingAssets\Quests\O0B10Y07.txt">
      <Filter>Data\StreamingAssets\Quests</Filter>
    </None>
    <None Include="$(MSBuildThisFileDirectory)Data\StreamingAssets\Quests\O0B20Y02.txt">
      <Filter>Data\StreamingAssets\Quests</Filter>
    </None>
    <None Include="$(MSBuildThisFileDirectory)Data\StreamingAssets\Quests\O0B2XY04.txt">
      <Filter>Data\StreamingAssets\Quests</Filter>
    </None>
    <None Include="$(MSBuildThisFileDirectory)Data\StreamingAssets\Quests\O0B2XY08.txt">
      <Filter>Data\StreamingAssets\Quests</Filter>
    </None>
    <None Include="$(MSBuildThisFileDirectory)Data\StreamingAssets\Quests\O0B2XY09.txt">
      <Filter>Data\StreamingAssets\Quests</Filter>
    </None>
    <None Include="$(MSBuildThisFileDirectory)Data\StreamingAssets\Quests\O0B2XY10.txt">
      <Filter>Data\StreamingAssets\Quests</Filter>
    </None>
    <None Include="$(MSBuildThisFileDirectory)Data\StreamingAssets\Quests\P0A01L00.txt">
      <Filter>Data\StreamingAssets\Quests</Filter>
    </None>
    <None Include="$(MSBuildThisFileDirectory)Data\StreamingAssets\Quests\P0B00L01.txt">
      <Filter>Data\StreamingAssets\Quests</Filter>
    </None>
    <None Include="$(MSBuildThisFileDirectory)Data\StreamingAssets\Quests\P0B00L03.txt">
      <Filter>Data\StreamingAssets\Quests</Filter>
    </None>
    <None Include="$(MSBuildThisFileDirectory)Data\StreamingAssets\Quests\P0B00L04.txt">
      <Filter>Data\StreamingAssets\Quests</Filter>
    </None>
    <None Include="$(MSBuildThisFileDirectory)Data\StreamingAssets\Quests\P0B00L06.txt">
      <Filter>Data\StreamingAssets\Quests</Filter>
    </None>
    <None Include="$(MSBuildThisFileDirectory)Data\StreamingAssets\Quests\P0B01L02.txt">
      <Filter>Data\StreamingAssets\Quests</Filter>
    </None>
    <None Include="$(MSBuildThisFileDirectory)Data\StreamingAssets\Quests\P0B10L07.txt">
      <Filter>Data\StreamingAssets\Quests</Filter>
    </None>
    <None Include="$(MSBuildThisFileDirectory)Data\StreamingAssets\Quests\P0B10L08.txt">
      <Filter>Data\StreamingAssets\Quests</Filter>
    </None>
    <None Include="$(MSBuildThisFileDirectory)Data\StreamingAssets\Quests\P0B10L10.txt">
      <Filter>Data\StreamingAssets\Quests</Filter>
    </None>
    <None Include="$(MSBuildThisFileDirectory)Data\StreamingAssets\Quests\P0B20L09.txt">
      <Filter>Data\StreamingAssets\Quests</Filter>
    </None>
    <None Include="$(MSBuildThisFileDirectory)Data\StreamingAssets\Quests\Q0C00Y01.txt">
      <Filter>Data\StreamingAssets\Quests</Filter>
    </None>
    <None Include="$(MSBuildThisFileDirectory)Data\StreamingAssets\Quests\Q0C00Y03.txt">
      <Filter>Data\StreamingAssets\Quests</Filter>
    </None>
    <None Include="$(MSBuildThisFileDirectory)Data\StreamingAssets\Quests\Q0C00Y04.txt">
      <Filter>Data\StreamingAssets\Quests</Filter>
    </None>
    <None Include="$(MSBuildThisFileDirectory)Data\StreamingAssets\Quests\Q0C00Y06.txt">
      <Filter>Data\StreamingAssets\Quests</Filter>
    </None>
    <None Include="$(MSBuildThisFileDirectory)Data\StreamingAssets\Quests\Q0C00Y07.txt">
      <Filter>Data\StreamingAssets\Quests</Filter>
    </None>
    <None Include="$(MSBuildThisFileDirectory)Data\StreamingAssets\Quests\Q0C00Y08.txt">
      <Filter>Data\StreamingAssets\Quests</Filter>
    </None>
    <None Include="$(MSBuildThisFileDirectory)Data\StreamingAssets\Quests\Q0C0XY02.txt">
      <Filter>Data\StreamingAssets\Quests</Filter>
    </None>
    <None Include="$(MSBuildThisFileDirectory)Data\StreamingAssets\Quests\Q0C10Y00.txt">
      <Filter>Data\StreamingAssets\Quests</Filter>
    </None>
    <None Include="$(MSBuildThisFileDirectory)Data\StreamingAssets\Quests\Q0C20Y02.txt">
      <Filter>Data\StreamingAssets\Quests</Filter>
    </None>
    <None Include="$(MSBuildThisFileDirectory)Data\StreamingAssets\Quests\Q0C4XY04.txt">
      <Filter>Data\StreamingAssets\Quests</Filter>
    </None>
    <None Include="$(MSBuildThisFileDirectory)Data\StreamingAssets\Quests\R0C10Y00.txt">
      <Filter>Data\StreamingAssets\Quests</Filter>
    </None>
    <None Include="$(MSBuildThisFileDirectory)Data\StreamingAssets\Quests\R0C10Y01.txt">
      <Filter>Data\StreamingAssets\Quests</Filter>
    </None>
    <None Include="$(MSBuildThisFileDirectory)Data\StreamingAssets\Quests\R0C10Y02.txt">
      <Filter>Data\StreamingAssets\Quests</Filter>
    </None>
    <None Include="$(MSBuildThisFileDirectory)Data\StreamingAssets\Quests\R0C10Y04.txt">
      <Filter>Data\StreamingAssets\Quests</Filter>
    </None>
    <None Include="$(MSBuildThisFileDirectory)Data\StreamingAssets\Quests\R0C10Y05.txt">
      <Filter>Data\StreamingAssets\Quests</Filter>
    </None>
    <None Include="$(MSBuildThisFileDirectory)Data\StreamingAssets\Quests\R0C10Y06.txt">
      <Filter>Data\StreamingAssets\Quests</Filter>
    </None>
    <None Include="$(MSBuildThisFileDirectory)Data\StreamingAssets\Quests\R0C10Y08.txt">
      <Filter>Data\StreamingAssets\Quests</Filter>
    </None>
    <None Include="$(MSBuildThisFileDirectory)Data\StreamingAssets\Quests\R0C10Y09.txt">
      <Filter>Data\StreamingAssets\Quests</Filter>
    </None>
    <None Include="$(MSBuildThisFileDirectory)Data\StreamingAssets\Quests\R0C10Y10.txt">
      <Filter>Data\StreamingAssets\Quests</Filter>
    </None>
    <None Include="$(MSBuildThisFileDirectory)Data\StreamingAssets\Quests\R0C10Y11.txt">
      <Filter>Data\StreamingAssets\Quests</Filter>
    </None>
    <None Include="$(MSBuildThisFileDirectory)Data\StreamingAssets\Quests\R0C10Y12.txt">
      <Filter>Data\StreamingAssets\Quests</Filter>
    </None>
    <None Include="$(MSBuildThisFileDirectory)Data\StreamingAssets\Quests\R0C10Y13.txt">
      <Filter>Data\StreamingAssets\Quests</Filter>
    </None>
    <None Include="$(MSBuildThisFileDirectory)Data\StreamingAssets\Quests\R0C10Y14.txt">
      <Filter>Data\StreamingAssets\Quests</Filter>
    </None>
    <None Include="$(MSBuildThisFileDirectory)Data\StreamingAssets\Quests\R0C10Y15.txt">
      <Filter>Data\StreamingAssets\Quests</Filter>
    </None>
    <None Include="$(MSBuildThisFileDirectory)Data\StreamingAssets\Quests\R0C10Y17.txt">
      <Filter>Data\StreamingAssets\Quests</Filter>
    </None>
    <None Include="$(MSBuildThisFileDirectory)Data\StreamingAssets\Quests\R0C10Y18.txt">
      <Filter>Data\StreamingAssets\Quests</Filter>
    </None>
    <None Include="$(MSBuildThisFileDirectory)Data\StreamingAssets\Quests\R0C10Y20.txt">
      <Filter>Data\StreamingAssets\Quests</Filter>
    </None>
    <None Include="$(MSBuildThisFileDirectory)Data\StreamingAssets\Quests\R0C10Y21.txt">
      <Filter>Data\StreamingAssets\Quests</Filter>
    </None>
    <None Include="$(MSBuildThisFileDirectory)Data\StreamingAssets\Quests\R0C11Y03.txt">
      <Filter>Data\StreamingAssets\Quests</Filter>
    </None>
    <None Include="$(MSBuildThisFileDirectory)Data\StreamingAssets\Quests\R0C11Y16.txt">
      <Filter>Data\StreamingAssets\Quests</Filter>
    </None>
    <None Include="$(MSBuildThisFileDirectory)Data\StreamingAssets\Quests\R0C11Y19.txt">
      <Filter>Data\StreamingAssets\Quests</Filter>
    </None>
    <None Include="$(MSBuildThisFileDirectory)Data\StreamingAssets\Quests\R0C11Y26.txt">
      <Filter>Data\StreamingAssets\Quests</Filter>
    </None>
    <None Include="$(MSBuildThisFileDirectory)Data\StreamingAssets\Quests\R0C11Y27.txt">
      <Filter>Data\StreamingAssets\Quests</Filter>
    </None>
    <None Include="$(MSBuildThisFileDirectory)Data\StreamingAssets\Quests\R0C11Y28.txt">
      <Filter>Data\StreamingAssets\Quests</Filter>
    </None>
    <None Include="$(MSBuildThisFileDirectory)Data\StreamingAssets\Quests\R0C20Y07.txt">
      <Filter>Data\StreamingAssets\Quests</Filter>
    </None>
    <None Include="$(MSBuildThisFileDirectory)Data\StreamingAssets\Quests\R0C20Y22.txt">
      <Filter>Data\StreamingAssets\Quests</Filter>
    </None>
    <None Include="$(MSBuildThisFileDirectory)Data\StreamingAssets\Quests\R0C30Y25.txt">
      <Filter>Data\StreamingAssets\Quests</Filter>
    </None>
    <None Include="$(MSBuildThisFileDirectory)Data\StreamingAssets\Quests\R0C4XY23.txt">
      <Filter>Data\StreamingAssets\Quests</Filter>
    </None>
    <None Include="$(MSBuildThisFileDirectory)Data\StreamingAssets\Quests\R0C60Y24.txt">
      <Filter>Data\StreamingAssets\Quests</Filter>
    </None>
    <None Include="$(MSBuildThisFileDirectory)Data\StreamingAssets\Quests\S0000001.txt">
      <Filter>Data\StreamingAssets\Quests</Filter>
    </None>
    <None Include="$(MSBuildThisFileDirectory)Data\StreamingAssets\Quests\S0000002.txt">
      <Filter>Data\StreamingAssets\Quests</Filter>
    </None>
    <None Include="$(MSBuildThisFileDirectory)Data\StreamingAssets\Quests\S0000003.txt">
      <Filter>Data\StreamingAssets\Quests</Filter>
    </None>
    <None Include="$(MSBuildThisFileDirectory)Data\StreamingAssets\Quests\S0000004.txt">
      <Filter>Data\StreamingAssets\Quests</Filter>
    </None>
    <None Include="$(MSBuildThisFileDirectory)Data\StreamingAssets\Quests\S0000005.txt">
      <Filter>Data\StreamingAssets\Quests</Filter>
    </None>
    <None Include="$(MSBuildThisFileDirectory)Data\StreamingAssets\Quests\S0000006.txt">
      <Filter>Data\StreamingAssets\Quests</Filter>
    </None>
    <None Include="$(MSBuildThisFileDirectory)Data\StreamingAssets\Quests\S0000007.txt">
      <Filter>Data\StreamingAssets\Quests</Filter>
    </None>
    <None Include="$(MSBuildThisFileDirectory)Data\StreamingAssets\Quests\S0000008.txt">
      <Filter>Data\StreamingAssets\Quests</Filter>
    </None>
    <None Include="$(MSBuildThisFileDirectory)Data\StreamingAssets\Quests\S0000009.txt">
      <Filter>Data\StreamingAssets\Quests</Filter>
    </None>
    <None Include="$(MSBuildThisFileDirectory)Data\StreamingAssets\Quests\S0000010.txt">
      <Filter>Data\StreamingAssets\Quests</Filter>
    </None>
    <None Include="$(MSBuildThisFileDirectory)Data\StreamingAssets\Quests\S0000011.txt">
      <Filter>Data\StreamingAssets\Quests</Filter>
    </None>
    <None Include="$(MSBuildThisFileDirectory)Data\StreamingAssets\Quests\S0000012.txt">
      <Filter>Data\StreamingAssets\Quests</Filter>
    </None>
    <None Include="$(MSBuildThisFileDirectory)Data\StreamingAssets\Quests\S0000013.txt">
      <Filter>Data\StreamingAssets\Quests</Filter>
    </None>
    <None Include="$(MSBuildThisFileDirectory)Data\StreamingAssets\Quests\S0000015.txt">
      <Filter>Data\StreamingAssets\Quests</Filter>
    </None>
    <None Include="$(MSBuildThisFileDirectory)Data\StreamingAssets\Quests\S0000016.txt">
      <Filter>Data\StreamingAssets\Quests</Filter>
    </None>
    <None Include="$(MSBuildThisFileDirectory)Data\StreamingAssets\Quests\S0000017.txt">
      <Filter>Data\StreamingAssets\Quests</Filter>
    </None>
    <None Include="$(MSBuildThisFileDirectory)Data\StreamingAssets\Quests\S0000018.txt">
      <Filter>Data\StreamingAssets\Quests</Filter>
    </None>
    <None Include="$(MSBuildThisFileDirectory)Data\StreamingAssets\Quests\S0000020.txt">
      <Filter>Data\StreamingAssets\Quests</Filter>
    </None>
    <None Include="$(MSBuildThisFileDirectory)Data\StreamingAssets\Quests\S0000021.txt">
      <Filter>Data\StreamingAssets\Quests</Filter>
    </None>
    <None Include="$(MSBuildThisFileDirectory)Data\StreamingAssets\Quests\S0000022.txt">
      <Filter>Data\StreamingAssets\Quests</Filter>
    </None>
    <None Include="$(MSBuildThisFileDirectory)Data\StreamingAssets\Quests\S0000100.txt">
      <Filter>Data\StreamingAssets\Quests</Filter>
    </None>
    <None Include="$(MSBuildThisFileDirectory)Data\StreamingAssets\Quests\S0000101.txt">
      <Filter>Data\StreamingAssets\Quests</Filter>
    </None>
    <None Include="$(MSBuildThisFileDirectory)Data\StreamingAssets\Quests\S0000102.txt">
      <Filter>Data\StreamingAssets\Quests</Filter>
    </None>
    <None Include="$(MSBuildThisFileDirectory)Data\StreamingAssets\Quests\S0000103.txt">
      <Filter>Data\StreamingAssets\Quests</Filter>
    </None>
    <None Include="$(MSBuildThisFileDirectory)Data\StreamingAssets\Quests\S0000104.txt">
      <Filter>Data\StreamingAssets\Quests</Filter>
    </None>
    <None Include="$(MSBuildThisFileDirectory)Data\StreamingAssets\Quests\S0000106.txt">
      <Filter>Data\StreamingAssets\Quests</Filter>
    </None>
    <None Include="$(MSBuildThisFileDirectory)Data\StreamingAssets\Quests\S0000107.txt">
      <Filter>Data\StreamingAssets\Quests</Filter>
    </None>
    <None Include="$(MSBuildThisFileDirectory)Data\StreamingAssets\Quests\S0000500.txt">
      <Filter>Data\StreamingAssets\Quests</Filter>
    </None>
    <None Include="$(MSBuildThisFileDirectory)Data\StreamingAssets\Quests\S0000501.txt">
      <Filter>Data\StreamingAssets\Quests</Filter>
    </None>
    <None Include="$(MSBuildThisFileDirectory)Data\StreamingAssets\Quests\S0000502.txt">
      <Filter>Data\StreamingAssets\Quests</Filter>
    </None>
    <None Include="$(MSBuildThisFileDirectory)Data\StreamingAssets\Quests\S0000503.txt">
      <Filter>Data\StreamingAssets\Quests</Filter>
    </None>
    <None Include="$(MSBuildThisFileDirectory)Data\StreamingAssets\Quests\S0000977.txt">
      <Filter>Data\StreamingAssets\Quests</Filter>
    </None>
    <None Include="$(MSBuildThisFileDirectory)Data\StreamingAssets\Quests\S0000988.txt">
      <Filter>Data\StreamingAssets\Quests</Filter>
    </None>
    <None Include="$(MSBuildThisFileDirectory)Data\StreamingAssets\Quests\S0000999.txt">
      <Filter>Data\StreamingAssets\Quests</Filter>
    </None>
    <None Include="$(MSBuildThisFileDirectory)Data\StreamingAssets\Quests\T0C00Y00.txt">
      <Filter>Data\StreamingAssets\Quests</Filter>
    </None>
    <None Include="$(MSBuildThisFileDirectory)Data\StreamingAssets\Quests\U0C00Y00.txt">
      <Filter>Data\StreamingAssets\Quests</Filter>
    </None>
    <None Include="$(MSBuildThisFileDirectory)Data\StreamingAssets\Quests\V0C00Y00.txt">
      <Filter>Data\StreamingAssets\Quests</Filter>
    </None>
    <None Include="$(MSBuildThisFileDirectory)Data\StreamingAssets\Quests\W0C00Y00.txt">
      <Filter>Data\StreamingAssets\Quests</Filter>
    </None>
    <None Include="$(MSBuildThisFileDirectory)Data\StreamingAssets\Quests\X0C00Y00.txt">
      <Filter>Data\StreamingAssets\Quests</Filter>
    </None>
    <None Include="$(MSBuildThisFileDirectory)Data\StreamingAssets\Quests\Y0C00Y00.txt">
      <Filter>Data\StreamingAssets\Quests</Filter>
    </None>
    <None Include="$(MSBuildThisFileDirectory)Data\StreamingAssets\Quests\Z0C00Y00.txt">
      <Filter>Data\StreamingAssets\Quests</Filter>
    </None>
    <None Include="$(MSBuildThisFileDirectory)Data\StreamingAssets\Quests\_BRISIEN.txt">
      <Filter>Data\StreamingAssets\Quests</Filter>
    </None>
    <None Include="$(MSBuildThisFileDirectory)Data\StreamingAssets\Quests\_TUTOR__.txt">
      <Filter>Data\StreamingAssets\Quests</Filter>
    </None>
    <None Include="$(MSBuildThisFileDirectory)Data\StreamingAssets\Quests\__DEMO01.txt">
      <Filter>Data\StreamingAssets\Quests</Filter>
    </None>
    <None Include="$(MSBuildThisFileDirectory)Data\StreamingAssets\Quests\__DEMO02.txt">
      <Filter>Data\StreamingAssets\Quests</Filter>
    </None>
    <None Include="$(MSBuildThisFileDirectory)Data\StreamingAssets\Quests\__DEMO03.txt">
      <Filter>Data\StreamingAssets\Quests</Filter>
    </None>
    <None Include="$(MSBuildThisFileDirectory)Data\StreamingAssets\Quests\__DEMO04.txt">
      <Filter>Data\StreamingAssets\Quests</Filter>
    </None>
    <None Include="$(MSBuildThisFileDirectory)Data\StreamingAssets\Quests\__DEMO05.txt">
      <Filter>Data\StreamingAssets\Quests</Filter>
    </None>
    <None Include="$(MSBuildThisFileDirectory)Data\StreamingAssets\Quests\__DEMO06.txt">
      <Filter>Data\StreamingAssets\Quests</Filter>
    </None>
    <None Include="$(MSBuildThisFileDirectory)Data\StreamingAssets\Quests\__DEMO07.txt">
      <Filter>Data\StreamingAssets\Quests</Filter>
    </None>
    <None Include="$(MSBuildThisFileDirectory)Data\StreamingAssets\Quests\__DEMO08.txt">
      <Filter>Data\StreamingAssets\Quests</Filter>
    </None>
    <None Include="$(MSBuildThisFileDirectory)Data\StreamingAssets\Quests\__DEMO09.txt">
      <Filter>Data\StreamingAssets\Quests</Filter>
    </None>
    <None Include="$(MSBuildThisFileDirectory)Data\StreamingAssets\Quests\__DEMO10.txt">
      <Filter>Data\StreamingAssets\Quests</Filter>
    </None>
    <None Include="$(MSBuildThisFileDirectory)Data\StreamingAssets\Quests\__DEMO11.txt">
      <Filter>Data\StreamingAssets\Quests</Filter>
    </None>
    <None Include="$(MSBuildThisFileDirectory)Data\StreamingAssets\Quests\__DEMO12.txt">
      <Filter>Data\StreamingAssets\Quests</Filter>
    </None>
    <None Include="$(MSBuildThisFileDirectory)Data\StreamingAssets\Quests\__DEMO13.txt">
      <Filter>Data\StreamingAssets\Quests</Filter>
    </None>
    <None Include="$(MSBuildThisFileDirectory)Data\StreamingAssets\Quests\__DEMO14.txt">
      <Filter>Data\StreamingAssets\Quests</Filter>
    </None>
    <None Include="$(MSBuildThisFileDirectory)Data\StreamingAssets\Quests\__DEMO15.txt">
      <Filter>Data\StreamingAssets\Quests</Filter>
    </None>
    <None Include="$(MSBuildThisFileDirectory)Data\StreamingAssets\Quests\__DEMO16.txt">
      <Filter>Data\StreamingAssets\Quests</Filter>
    </None>
    <None Include="$(MSBuildThisFileDirectory)Data\StreamingAssets\Quests\__DEMO17.txt">
      <Filter>Data\StreamingAssets\Quests</Filter>
    </None>
    <None Include="$(MSBuildThisFileDirectory)Data\StreamingAssets\Quests\__DEMO18.txt">
      <Filter>Data\StreamingAssets\Quests</Filter>
    </None>
    <None Include="$(MSBuildThisFileDirectory)Data\StreamingAssets\Quests\__DEMO19.txt">
      <Filter>Data\StreamingAssets\Quests</Filter>
    </None>
    <None Include="$(MSBuildThisFileDirectory)Data\StreamingAssets\Quests\__DEMO20.txt">
      <Filter>Data\StreamingAssets\Quests</Filter>
    </None>
    <None Include="$(MSBuildThisFileDirectory)Data\StreamingAssets\Quests\__DEMO21.txt">
      <Filter>Data\StreamingAssets\Quests</Filter>
    </None>
    <None Include="$(MSBuildThisFileDirectory)Data\StreamingAssets\Sound\.gitignore">
      <Filter>Data\StreamingAssets\Sound</Filter>
    </None>
    <None Include="$(MSBuildThisFileDirectory)Data\StreamingAssets\SoundFonts\readme.txt">
      <Filter>Data\StreamingAssets\SoundFonts</Filter>
    </None>
    <None Include="$(MSBuildThisFileDirectory)Data\StreamingAssets\SpellIcons\vmblast-test.png">
      <Filter>Data\StreamingAssets\SpellIcons</Filter>
    </None>
    <None Include="$(MSBuildThisFileDirectory)Data\StreamingAssets\SpellIcons\vmblast-test.txt">
      <Filter>Data\StreamingAssets\SpellIcons</Filter>
    </None>
    <None Include="$(MSBuildThisFileDirectory)Data\StreamingAssets\Tables\QuestList-Classic.txt">
      <Filter>Data\StreamingAssets\Tables</Filter>
    </None>
    <None Include="$(MSBuildThisFileDirectory)Data\StreamingAssets\Tables\QuestList-DFU.txt">
      <Filter>Data\StreamingAssets\Tables</Filter>
    </None>
    <None Include="$(MSBuildThisFileDirectory)Data\StreamingAssets\Tables\Quests-Diseases.txt">
      <Filter>Data\StreamingAssets\Tables</Filter>
    </None>
    <None Include="$(MSBuildThisFileDirectory)Data\StreamingAssets\Tables\Quests-Factions.txt">
      <Filter>Data\StreamingAssets\Tables</Filter>
    </None>
    <None Include="$(MSBuildThisFileDirectory)Data\StreamingAssets\Tables\Quests-Foes.txt">
      <Filter>Data\StreamingAssets\Tables</Filter>
    </None>
    <None Include="$(MSBuildThisFileDirectory)Data\StreamingAssets\Tables\Quests-GlobalVars.txt">
      <Filter>Data\StreamingAssets\Tables</Filter>
    </None>
    <None Include="$(MSBuildThisFileDirectory)Data\StreamingAssets\Tables\Quests-Items.txt">
      <Filter>Data\StreamingAssets\Tables</Filter>
    </None>
    <None Include="$(MSBuildThisFileDirectory)Data\StreamingAssets\Tables\Quests-Places.txt">
      <Filter>Data\StreamingAssets\Tables</Filter>
    </None>
    <None Include="$(MSBuildThisFileDirectory)Data\StreamingAssets\Tables\Quests-Sounds.txt">
      <Filter>Data\StreamingAssets\Tables</Filter>
    </None>
    <None Include="$(MSBuildThisFileDirectory)Data\StreamingAssets\Tables\Quests-Spells.txt">
      <Filter>Data\StreamingAssets\Tables</Filter>
    </None>
    <None Include="$(MSBuildThisFileDirectory)Data\StreamingAssets\Tables\Quests-StaticMessages.txt">
      <Filter>Data\StreamingAssets\Tables</Filter>
    </None>
    <None Include="$(MSBuildThisFileDirectory)Data\StreamingAssets\Tables\Spells-Entity.txt">
      <Filter>Data\StreamingAssets\Tables</Filter>
    </None>
    <None Include="$(MSBuildThisFileDirectory)Data\StreamingAssets\Text\DialogShortcuts.txt">
      <Filter>Data\StreamingAssets\Text</Filter>
    </None>
    <None Include="$(MSBuildThisFileDirectory)Data\StreamingAssets\Text\GameSettings.txt">
      <Filter>Data\StreamingAssets\Text</Filter>
    </None>
    <None Include="$(MSBuildThisFileDirectory)Data\StreamingAssets\Text\MainMenu.txt">
      <Filter>Data\StreamingAssets\Text</Filter>
    </None>
    <None Include="$(MSBuildThisFileDirectory)Data\StreamingAssets\Text\Master Localization CSV Files v0.15.1.zip">
      <Filter>Data\StreamingAssets\Text</Filter>
    </None>
    <None Include="$(MSBuildThisFileDirectory)Data\StreamingAssets\Text\ModSystem.txt">
      <Filter>Data\StreamingAssets\Text</Filter>
    </None>
    <None Include="$(MSBuildThisFileDirectory)Data\StreamingAssets\Text\Books\BOK00000-LOC.txt">
      <Filter>Data\StreamingAssets\Text\Books</Filter>
    </None>
    <None Include="$(MSBuildThisFileDirectory)Data\StreamingAssets\Text\Books\BOK00001-LOC.txt">
      <Filter>Data\StreamingAssets\Text\Books</Filter>
    </None>
    <None Include="$(MSBuildThisFileDirectory)Data\StreamingAssets\Text\Books\BOK00002-LOC.txt">
      <Filter>Data\StreamingAssets\Text\Books</Filter>
    </None>
    <None Include="$(MSBuildThisFileDirectory)Data\StreamingAssets\Text\Books\BOK00003-LOC.txt">
      <Filter>Data\StreamingAssets\Text\Books</Filter>
    </None>
    <None Include="$(MSBuildThisFileDirectory)Data\StreamingAssets\Text\Books\BOK00004-LOC.txt">
      <Filter>Data\StreamingAssets\Text\Books</Filter>
    </None>
    <None Include="$(MSBuildThisFileDirectory)Data\StreamingAssets\Text\Books\BOK00005-LOC.txt">
      <Filter>Data\StreamingAssets\Text\Books</Filter>
    </None>
    <None Include="$(MSBuildThisFileDirectory)Data\StreamingAssets\Text\Books\BOK00006-LOC.txt">
      <Filter>Data\StreamingAssets\Text\Books</Filter>
    </None>
    <None Include="$(MSBuildThisFileDirectory)Data\StreamingAssets\Text\Books\BOK00007-LOC.txt">
      <Filter>Data\StreamingAssets\Text\Books</Filter>
    </None>
    <None Include="$(MSBuildThisFileDirectory)Data\StreamingAssets\Text\Books\BOK00008-LOC.txt">
      <Filter>Data\StreamingAssets\Text\Books</Filter>
    </None>
    <None Include="$(MSBuildThisFileDirectory)Data\StreamingAssets\Text\Books\BOK00009-LOC.txt">
      <Filter>Data\StreamingAssets\Text\Books</Filter>
    </None>
    <None Include="$(MSBuildThisFileDirectory)Data\StreamingAssets\Text\Books\BOK00016-LOC.txt">
      <Filter>Data\StreamingAssets\Text\Books</Filter>
    </None>
    <None Include="$(MSBuildThisFileDirectory)Data\StreamingAssets\Text\Books\BOK00020-LOC.txt">
      <Filter>Data\StreamingAssets\Text\Books</Filter>
    </None>
    <None Include="$(MSBuildThisFileDirectory)Data\StreamingAssets\Text\Books\BOK00021-LOC.txt">
      <Filter>Data\StreamingAssets\Text\Books</Filter>
    </None>
    <None Include="$(MSBuildThisFileDirectory)Data\StreamingAssets\Text\Books\BOK00022-LOC.txt">
      <Filter>Data\StreamingAssets\Text\Books</Filter>
    </None>
    <None Include="$(MSBuildThisFileDirectory)Data\StreamingAssets\Text\Books\BOK00025-LOC.txt">
      <Filter>Data\StreamingAssets\Text\Books</Filter>
    </None>
    <None Include="$(MSBuildThisFileDirectory)Data\StreamingAssets\Text\Books\BOK00026-LOC.txt">
      <Filter>Data\StreamingAssets\Text\Books</Filter>
    </None>
    <None Include="$(MSBuildThisFileDirectory)Data\StreamingAssets\Text\Books\BOK00027-LOC.txt">
      <Filter>Data\StreamingAssets\Text\Books</Filter>
    </None>
    <None Include="$(MSBuildThisFileDirectory)Data\StreamingAssets\Text\Books\BOK00028-LOC.txt">
      <Filter>Data\StreamingAssets\Text\Books</Filter>
    </None>
    <None Include="$(MSBuildThisFileDirectory)Data\StreamingAssets\Text\Books\BOK00029-LOC.txt">
      <Filter>Data\StreamingAssets\Text\Books</Filter>
    </None>
    <None Include="$(MSBuildThisFileDirectory)Data\StreamingAssets\Text\Books\BOK00030-LOC.txt">
      <Filter>Data\StreamingAssets\Text\Books</Filter>
    </None>
    <None Include="$(MSBuildThisFileDirectory)Data\StreamingAssets\Text\Books\BOK00031-LOC.txt">
      <Filter>Data\StreamingAssets\Text\Books</Filter>
    </None>
    <None Include="$(MSBuildThisFileDirectory)Data\StreamingAssets\Text\Books\BOK00032-LOC.txt">
      <Filter>Data\StreamingAssets\Text\Books</Filter>
    </None>
    <None Include="$(MSBuildThisFileDirectory)Data\StreamingAssets\Text\Books\BOK00033-LOC.txt">
      <Filter>Data\StreamingAssets\Text\Books</Filter>
    </None>
    <None Include="$(MSBuildThisFileDirectory)Data\StreamingAssets\Text\Books\BOK00034-LOC.txt">
      <Filter>Data\StreamingAssets\Text\Books</Filter>
    </None>
    <None Include="$(MSBuildThisFileDirectory)Data\StreamingAssets\Text\Books\BOK00035-LOC.txt">
      <Filter>Data\StreamingAssets\Text\Books</Filter>
    </None>
    <None Include="$(MSBuildThisFileDirectory)Data\StreamingAssets\Text\Books\BOK00036-LOC.txt">
      <Filter>Data\StreamingAssets\Text\Books</Filter>
    </None>
    <None Include="$(MSBuildThisFileDirectory)Data\StreamingAssets\Text\Books\BOK00037-LOC.txt">
      <Filter>Data\StreamingAssets\Text\Books</Filter>
    </None>
    <None Include="$(MSBuildThisFileDirectory)Data\StreamingAssets\Text\Books\BOK00038-LOC.txt">
      <Filter>Data\StreamingAssets\Text\Books</Filter>
    </None>
    <None Include="$(MSBuildThisFileDirectory)Data\StreamingAssets\Text\Books\BOK00039-LOC.txt">
      <Filter>Data\StreamingAssets\Text\Books</Filter>
    </None>
    <None Include="$(MSBuildThisFileDirectory)Data\StreamingAssets\Text\Books\BOK00040-LOC.txt">
      <Filter>Data\StreamingAssets\Text\Books</Filter>
    </None>
    <None Include="$(MSBuildThisFileDirectory)Data\StreamingAssets\Text\Books\BOK00041-LOC.txt">
      <Filter>Data\StreamingAssets\Text\Books</Filter>
    </None>
    <None Include="$(MSBuildThisFileDirectory)Data\StreamingAssets\Text\Books\BOK00042-LOC.txt">
      <Filter>Data\StreamingAssets\Text\Books</Filter>
    </None>
    <None Include="$(MSBuildThisFileDirectory)Data\StreamingAssets\Text\Books\BOK00043-LOC.txt">
      <Filter>Data\StreamingAssets\Text\Books</Filter>
    </None>
    <None Include="$(MSBuildThisFileDirectory)Data\StreamingAssets\Text\Books\BOK00044-LOC.txt">
      <Filter>Data\StreamingAssets\Text\Books</Filter>
    </None>
    <None Include="$(MSBuildThisFileDirectory)Data\StreamingAssets\Text\Books\BOK00045-LOC.txt">
      <Filter>Data\StreamingAssets\Text\Books</Filter>
    </None>
    <None Include="$(MSBuildThisFileDirectory)Data\StreamingAssets\Text\Books\BOK00046-LOC.txt">
      <Filter>Data\StreamingAssets\Text\Books</Filter>
    </None>
    <None Include="$(MSBuildThisFileDirectory)Data\StreamingAssets\Text\Books\BOK00047-LOC.txt">
      <Filter>Data\StreamingAssets\Text\Books</Filter>
    </None>
    <None Include="$(MSBuildThisFileDirectory)Data\StreamingAssets\Text\Books\BOK00048-LOC.txt">
      <Filter>Data\StreamingAssets\Text\Books</Filter>
    </None>
    <None Include="$(MSBuildThisFileDirectory)Data\StreamingAssets\Text\Books\BOK00049-LOC.txt">
      <Filter>Data\StreamingAssets\Text\Books</Filter>
    </None>
    <None Include="$(MSBuildThisFileDirectory)Data\StreamingAssets\Text\Books\BOK00050-LOC.txt">
      <Filter>Data\StreamingAssets\Text\Books</Filter>
    </None>
    <None Include="$(MSBuildThisFileDirectory)Data\StreamingAssets\Text\Books\BOK00051-LOC.txt">
      <Filter>Data\StreamingAssets\Text\Books</Filter>
    </None>
    <None Include="$(MSBuildThisFileDirectory)Data\StreamingAssets\Text\Books\BOK00052-LOC.txt">
      <Filter>Data\StreamingAssets\Text\Books</Filter>
    </None>
    <None Include="$(MSBuildThisFileDirectory)Data\StreamingAssets\Text\Books\BOK00053-LOC.txt">
      <Filter>Data\StreamingAssets\Text\Books</Filter>
    </None>
    <None Include="$(MSBuildThisFileDirectory)Data\StreamingAssets\Text\Books\BOK00054-LOC.txt">
      <Filter>Data\StreamingAssets\Text\Books</Filter>
    </None>
    <None Include="$(MSBuildThisFileDirectory)Data\StreamingAssets\Text\Books\BOK00055-LOC.txt">
      <Filter>Data\StreamingAssets\Text\Books</Filter>
    </None>
    <None Include="$(MSBuildThisFileDirectory)Data\StreamingAssets\Text\Books\BOK00056-LOC.txt">
      <Filter>Data\StreamingAssets\Text\Books</Filter>
    </None>
    <None Include="$(MSBuildThisFileDirectory)Data\StreamingAssets\Text\Books\BOK00057-LOC.txt">
      <Filter>Data\StreamingAssets\Text\Books</Filter>
    </None>
    <None Include="$(MSBuildThisFileDirectory)Data\StreamingAssets\Text\Books\BOK00058-LOC.txt">
      <Filter>Data\StreamingAssets\Text\Books</Filter>
    </None>
    <None Include="$(MSBuildThisFileDirectory)Data\StreamingAssets\Text\Books\BOK00059-LOC.txt">
      <Filter>Data\StreamingAssets\Text\Books</Filter>
    </None>
    <None Include="$(MSBuildThisFileDirectory)Data\StreamingAssets\Text\Books\BOK00060-LOC.txt">
      <Filter>Data\StreamingAssets\Text\Books</Filter>
    </None>
    <None Include="$(MSBuildThisFileDirectory)Data\StreamingAssets\Text\Books\BOK00061-LOC.txt">
      <Filter>Data\StreamingAssets\Text\Books</Filter>
    </None>
    <None Include="$(MSBuildThisFileDirectory)Data\StreamingAssets\Text\Books\BOK00062-LOC.txt">
      <Filter>Data\StreamingAssets\Text\Books</Filter>
    </None>
    <None Include="$(MSBuildThisFileDirectory)Data\StreamingAssets\Text\Books\BOK00063-LOC.txt">
      <Filter>Data\StreamingAssets\Text\Books</Filter>
    </None>
    <None Include="$(MSBuildThisFileDirectory)Data\StreamingAssets\Text\Books\BOK00064-LOC.txt">
      <Filter>Data\StreamingAssets\Text\Books</Filter>
    </None>
    <None Include="$(MSBuildThisFileDirectory)Data\StreamingAssets\Text\Books\BOK00065-LOC.txt">
      <Filter>Data\StreamingAssets\Text\Books</Filter>
    </None>
    <None Include="$(MSBuildThisFileDirectory)Data\StreamingAssets\Text\Books\BOK00066-LOC.txt">
      <Filter>Data\StreamingAssets\Text\Books</Filter>
    </None>
    <None Include="$(MSBuildThisFileDirectory)Data\StreamingAssets\Text\Books\BOK00067-LOC.txt">
      <Filter>Data\StreamingAssets\Text\Books</Filter>
    </None>
    <None Include="$(MSBuildThisFileDirectory)Data\StreamingAssets\Text\Books\BOK00068-LOC.txt">
      <Filter>Data\StreamingAssets\Text\Books</Filter>
    </None>
    <None Include="$(MSBuildThisFileDirectory)Data\StreamingAssets\Text\Books\BOK00069-LOC.txt">
      <Filter>Data\StreamingAssets\Text\Books</Filter>
    </None>
    <None Include="$(MSBuildThisFileDirectory)Data\StreamingAssets\Text\Books\BOK00070-LOC.txt">
      <Filter>Data\StreamingAssets\Text\Books</Filter>
    </None>
    <None Include="$(MSBuildThisFileDirectory)Data\StreamingAssets\Text\Books\BOK00071-LOC.txt">
      <Filter>Data\StreamingAssets\Text\Books</Filter>
    </None>
    <None Include="$(MSBuildThisFileDirectory)Data\StreamingAssets\Text\Books\BOK00072-LOC.txt">
      <Filter>Data\StreamingAssets\Text\Books</Filter>
    </None>
    <None Include="$(MSBuildThisFileDirectory)Data\StreamingAssets\Text\Books\BOK00073-LOC.txt">
      <Filter>Data\StreamingAssets\Text\Books</Filter>
    </None>
    <None Include="$(MSBuildThisFileDirectory)Data\StreamingAssets\Text\Books\BOK00074-LOC.txt">
      <Filter>Data\StreamingAssets\Text\Books</Filter>
    </None>
    <None Include="$(MSBuildThisFileDirectory)Data\StreamingAssets\Text\Books\BOK00075-LOC.txt">
      <Filter>Data\StreamingAssets\Text\Books</Filter>
    </None>
    <None Include="$(MSBuildThisFileDirectory)Data\StreamingAssets\Text\Books\BOK00076-LOC.txt">
      <Filter>Data\StreamingAssets\Text\Books</Filter>
    </None>
    <None Include="$(MSBuildThisFileDirectory)Data\StreamingAssets\Text\Books\BOK00077-LOC.txt">
      <Filter>Data\StreamingAssets\Text\Books</Filter>
    </None>
    <None Include="$(MSBuildThisFileDirectory)Data\StreamingAssets\Text\Books\BOK00078-LOC.txt">
      <Filter>Data\StreamingAssets\Text\Books</Filter>
    </None>
    <None Include="$(MSBuildThisFileDirectory)Data\StreamingAssets\Text\Books\BOK00079-LOC.txt">
      <Filter>Data\StreamingAssets\Text\Books</Filter>
    </None>
    <None Include="$(MSBuildThisFileDirectory)Data\StreamingAssets\Text\Books\BOK00080-LOC.txt">
      <Filter>Data\StreamingAssets\Text\Books</Filter>
    </None>
    <None Include="$(MSBuildThisFileDirectory)Data\StreamingAssets\Text\Books\BOK00081-LOC.txt">
      <Filter>Data\StreamingAssets\Text\Books</Filter>
    </None>
    <None Include="$(MSBuildThisFileDirectory)Data\StreamingAssets\Text\Books\BOK00082-LOC.txt">
      <Filter>Data\StreamingAssets\Text\Books</Filter>
    </None>
    <None Include="$(MSBuildThisFileDirectory)Data\StreamingAssets\Text\Books\BOK00083-LOC.txt">
      <Filter>Data\StreamingAssets\Text\Books</Filter>
    </None>
    <None Include="$(MSBuildThisFileDirectory)Data\StreamingAssets\Text\Books\BOK00084-LOC.txt">
      <Filter>Data\StreamingAssets\Text\Books</Filter>
    </None>
    <None Include="$(MSBuildThisFileDirectory)Data\StreamingAssets\Text\Books\BOK00085-LOC.txt">
      <Filter>Data\StreamingAssets\Text\Books</Filter>
    </None>
    <None Include="$(MSBuildThisFileDirectory)Data\StreamingAssets\Text\Books\BOK00086-LOC.txt">
      <Filter>Data\StreamingAssets\Text\Books</Filter>
    </None>
    <None Include="$(MSBuildThisFileDirectory)Data\StreamingAssets\Text\Books\BOK00087-LOC.txt">
      <Filter>Data\StreamingAssets\Text\Books</Filter>
    </None>
    <None Include="$(MSBuildThisFileDirectory)Data\StreamingAssets\Text\Books\BOK00088-LOC.txt">
      <Filter>Data\StreamingAssets\Text\Books</Filter>
    </None>
    <None Include="$(MSBuildThisFileDirectory)Data\StreamingAssets\Text\Books\BOK00089-LOC.txt">
      <Filter>Data\StreamingAssets\Text\Books</Filter>
    </None>
    <None Include="$(MSBuildThisFileDirectory)Data\StreamingAssets\Text\Books\BOK00100-LOC.txt">
      <Filter>Data\StreamingAssets\Text\Books</Filter>
    </None>
    <None Include="$(MSBuildThisFileDirectory)Data\StreamingAssets\Text\Books\BOK00101-LOC.txt">
      <Filter>Data\StreamingAssets\Text\Books</Filter>
    </None>
    <None Include="$(MSBuildThisFileDirectory)Data\StreamingAssets\Text\Books\BOK00102-LOC.txt">
      <Filter>Data\StreamingAssets\Text\Books</Filter>
    </None>
    <None Include="$(MSBuildThisFileDirectory)Data\StreamingAssets\Text\Books\BOK00103-LOC.txt">
      <Filter>Data\StreamingAssets\Text\Books</Filter>
    </None>
    <None Include="$(MSBuildThisFileDirectory)Data\StreamingAssets\Text\Books\BOK00104-LOC.txt">
      <Filter>Data\StreamingAssets\Text\Books</Filter>
    </None>
    <None Include="$(MSBuildThisFileDirectory)Data\StreamingAssets\Text\Books\BOK00105-LOC.txt">
      <Filter>Data\StreamingAssets\Text\Books</Filter>
    </None>
    <None Include="$(MSBuildThisFileDirectory)Data\StreamingAssets\Text\Books\BOK00106-LOC.txt">
      <Filter>Data\StreamingAssets\Text\Books</Filter>
    </None>
    <None Include="$(MSBuildThisFileDirectory)Data\StreamingAssets\Text\Books\BOK00107-LOC.txt">
      <Filter>Data\StreamingAssets\Text\Books</Filter>
    </None>
    <None Include="$(MSBuildThisFileDirectory)Data\StreamingAssets\Text\Books\BOK00108-LOC.txt">
      <Filter>Data\StreamingAssets\Text\Books</Filter>
    </None>
    <None Include="$(MSBuildThisFileDirectory)Data\StreamingAssets\Text\Books\BOK00109-LOC.txt">
      <Filter>Data\StreamingAssets\Text\Books</Filter>
    </None>
    <None Include="$(MSBuildThisFileDirectory)Data\StreamingAssets\Text\Books\BOK00110-LOC.txt">
      <Filter>Data\StreamingAssets\Text\Books</Filter>
    </None>
    <None Include="$(MSBuildThisFileDirectory)Data\StreamingAssets\Text\Books\BOK00111-LOC.txt">
      <Filter>Data\StreamingAssets\Text\Books</Filter>
    </None>
    <None Include="$(MSBuildThisFileDirectory)Data\StreamingAssets\Text\Books\readme.txt">
      <Filter>Data\StreamingAssets\Text\Books</Filter>
    </None>
    <None Include="$(MSBuildThisFileDirectory)Data\StreamingAssets\Text\Books\BookImages\readme.txt">
      <Filter>Data\StreamingAssets\Text\Books\BookImages</Filter>
    </None>
    <None Include="$(MSBuildThisFileDirectory)Data\StreamingAssets\Textures\.gitignore">
      <Filter>Data\StreamingAssets\Textures</Filter>
    </None>
    <None Include="$(MSBuildThisFileDirectory)Data\StreamingAssets\Textures\readme.txt">
      <Filter>Data\StreamingAssets\Textures</Filter>
    </None>
    <None Include="$(MSBuildThisFileDirectory)Data\StreamingAssets\Textures\CifRci\.gitignore">
      <Filter>Data\StreamingAssets\Textures\CifRci</Filter>
    </None>
    <None Include="$(MSBuildThisFileDirectory)Data\StreamingAssets\Textures\Img\.gitignore">
      <Filter>Data\StreamingAssets\Textures\Img</Filter>
    </None>
    <None Include="$(MSBuildThisFileDirectory)Data\StreamingAssets\WorldData\.gitignore">
      <Filter>Data\StreamingAssets\WorldData</Filter>
    </None>
    <None Include="$(MSBuildThisFileDirectory)Data\StreamingAssets\WorldData\readme.txt">
      <Filter>Data\StreamingAssets\WorldData</Filter>
    </None>
    <None Include="$(MSBuildThisFileDirectory)lib_burst_generated.dll" />
  </ItemGroup>
  <ItemGroup>
    <None Include="$(OutDir)GameAssembly.dll" />
    <None Include="$(OutDir)GameAssembly.pdb" />
  </ItemGroup>
</Project>